
Microsoft Visual Studio Solution File, Format Version 12.00
# Visual Studio Version 17
VisualStudioVersion = 17.12.35728.132
MinimumVisualStudioVersion = 10.0.40219.1
Project("{2150E333-8FDC-42A3-9474-1A3956D46DE8}") = "Элементы Решения", "Элементы Решения", "{32C8E260-3AF1-402A-913A-AF8F18728409}"
	ProjectSection(SolutionItems) = preProject
		.editorconfig = .editorconfig
		Directory.Build.props = Directory.Build.props
		NuGet.config = NuGet.config
	EndProjectSection
EndProject
Project("{FAE04EC0-301F-11D3-BF4B-00C04F79EFBC}") = "OG.Element.Abstraction", "OG.Element.Abstraction\OG.Element.Abstraction.csproj", "{987D42CB-F02B-4DFF-A724-3717F54BEE8A}"
EndProject
Project("{FAE04EC0-301F-11D3-BF4B-00C04F79EFBC}") = "OG.Element", "OG.Element\OG.Element.csproj", "{F233C4DE-EA93-425A-B6E0-C9F95C0F5E28}"
EndProject
Project("{FAE04EC0-301F-11D3-BF4B-00C04F79EFBC}") = "OG.Common.Abstraction", "OG.Common.Abstraction\OG.Common.Abstraction.csproj", "{29975FEA-158C-4337-BF17-3EA235669F90}"
EndProject
Project("{FAE04EC0-301F-11D3-BF4B-00C04F79EFBC}") = "OG.Common.Scoping", "OG.Common.Scoping\OG.Common.Scoping.csproj", "{243F2000-AA19-4690-A03A-54DD6C83F309}"
EndProject
Project("{FAE04EC0-301F-11D3-BF4B-00C04F79EFBC}") = "OG.Common.Scoping.Abstraction", "OG.Common.Scoping.Abstraction\OG.Common.Scoping.Abstraction.csproj", "{1764D81F-3D80-494B-B984-A23E61D5F1DF}"
EndProject
Project("{FAE04EC0-301F-11D3-BF4B-00C04F79EFBC}") = "OG.Common", "OG.Common\OG.Common.csproj", "{E30E8DF0-3A4D-465D-B860-308D5F142E7A}"
EndProject
Project("{2150E333-8FDC-42A3-9474-1A3956D46DE8}") = "Abstraction", "Abstraction", "{36D591C7-65C7-A0D1-1CBC-10CDE441BDC8}"
EndProject
Project("{2150E333-8FDC-42A3-9474-1A3956D46DE8}") = "OG", "OG", "{7A4366FD-4A98-4BB9-81A5-25CF54DCE25D}"
EndProject
Project("{FAE04EC0-301F-11D3-BF4B-00C04F79EFBC}") = "OG.Style.Abstraction", "OG.Style.Abstraction\OG.Style.Abstraction.csproj", "{1F5D8A59-9790-4DBD-AA8D-77193845F783}"
EndProject
Project("{FAE04EC0-301F-11D3-BF4B-00C04F79EFBC}") = "OG.Graphics.Abstraction", "OG.Graphics.Abstraction\OG.Graphics.Abstraction.csproj", "{42DD678C-E08D-46D1-8F50-E7DB4AC0B50B}"
EndProject
Project("{FAE04EC0-301F-11D3-BF4B-00C04F79EFBC}") = "OG.Graphics", "OG.Graphics\OG.Graphics.csproj", "{174CFAE1-19C8-470C-B184-27802711B87F}"
EndProject
Project("{FAE04EC0-301F-11D3-BF4B-00C04F79EFBC}") = "OG.Factory", "OG.Factory\OG.Factory.csproj", "{01A2E290-6AD3-4F0F-8B64-68970B8B955B}"
EndProject
Project("{FAE04EC0-301F-11D3-BF4B-00C04F79EFBC}") = "OG.Factory.Abstraction", "OG.Factory.Abstraction\OG.Factory.Abstraction.csproj", "{F7880704-DC05-4B7D-BA3F-ADADC3029ED8}"
EndProject
Project("{FAE04EC0-301F-11D3-BF4B-00C04F79EFBC}") = "OG.EH.Factory", "OG.EH.Factory\OG.EH.Factory.csproj", "{9CD81F08-C9CF-4236-AD6D-6FE4059A7D5F}"
EndProject
Project("{FAE04EC0-301F-11D3-BF4B-00C04F79EFBC}") = "OG.Style", "OG.Style\OG.Style.csproj", "{AC0807D2-C015-4875-ACE9-40E147380097}"
EndProject
Global
	GlobalSection(SolutionConfigurationPlatforms) = preSolution
		Debug|Any CPU = Debug|Any CPU
		Release|Any CPU = Release|Any CPU
	EndGlobalSection
	GlobalSection(ProjectConfigurationPlatforms) = postSolution
		{987D42CB-F02B-4DFF-A724-3717F54BEE8A}.Debug|Any CPU.ActiveCfg = Debug|Any CPU
		{987D42CB-F02B-4DFF-A724-3717F54BEE8A}.Debug|Any CPU.Build.0 = Debug|Any CPU
		{987D42CB-F02B-4DFF-A724-3717F54BEE8A}.Release|Any CPU.ActiveCfg = Release|Any CPU
		{987D42CB-F02B-4DFF-A724-3717F54BEE8A}.Release|Any CPU.Build.0 = Release|Any CPU
		{F233C4DE-EA93-425A-B6E0-C9F95C0F5E28}.Debug|Any CPU.ActiveCfg = Debug|Any CPU
		{F233C4DE-EA93-425A-B6E0-C9F95C0F5E28}.Debug|Any CPU.Build.0 = Debug|Any CPU
		{F233C4DE-EA93-425A-B6E0-C9F95C0F5E28}.Release|Any CPU.ActiveCfg = Release|Any CPU
		{F233C4DE-EA93-425A-B6E0-C9F95C0F5E28}.Release|Any CPU.Build.0 = Release|Any CPU
		{29975FEA-158C-4337-BF17-3EA235669F90}.Debug|Any CPU.ActiveCfg = Debug|Any CPU
		{29975FEA-158C-4337-BF17-3EA235669F90}.Debug|Any CPU.Build.0 = Debug|Any CPU
		{29975FEA-158C-4337-BF17-3EA235669F90}.Release|Any CPU.ActiveCfg = Release|Any CPU
		{29975FEA-158C-4337-BF17-3EA235669F90}.Release|Any CPU.Build.0 = Release|Any CPU
		{243F2000-AA19-4690-A03A-54DD6C83F309}.Debug|Any CPU.ActiveCfg = Debug|Any CPU
		{243F2000-AA19-4690-A03A-54DD6C83F309}.Debug|Any CPU.Build.0 = Debug|Any CPU
		{243F2000-AA19-4690-A03A-54DD6C83F309}.Release|Any CPU.ActiveCfg = Release|Any CPU
		{243F2000-AA19-4690-A03A-54DD6C83F309}.Release|Any CPU.Build.0 = Release|Any CPU
		{1764D81F-3D80-494B-B984-A23E61D5F1DF}.Debug|Any CPU.ActiveCfg = Debug|Any CPU
		{1764D81F-3D80-494B-B984-A23E61D5F1DF}.Debug|Any CPU.Build.0 = Debug|Any CPU
		{1764D81F-3D80-494B-B984-A23E61D5F1DF}.Release|Any CPU.ActiveCfg = Release|Any CPU
		{1764D81F-3D80-494B-B984-A23E61D5F1DF}.Release|Any CPU.Build.0 = Release|Any CPU
		{E30E8DF0-3A4D-465D-B860-308D5F142E7A}.Debug|Any CPU.ActiveCfg = Debug|Any CPU
		{E30E8DF0-3A4D-465D-B860-308D5F142E7A}.Debug|Any CPU.Build.0 = Debug|Any CPU
		{E30E8DF0-3A4D-465D-B860-308D5F142E7A}.Release|Any CPU.ActiveCfg = Release|Any CPU
		{E30E8DF0-3A4D-465D-B860-308D5F142E7A}.Release|Any CPU.Build.0 = Release|Any CPU
		{1F5D8A59-9790-4DBD-AA8D-77193845F783}.Debug|Any CPU.ActiveCfg = Debug|Any CPU
		{1F5D8A59-9790-4DBD-AA8D-77193845F783}.Debug|Any CPU.Build.0 = Debug|Any CPU
		{1F5D8A59-9790-4DBD-AA8D-77193845F783}.Release|Any CPU.ActiveCfg = Release|Any CPU
		{1F5D8A59-9790-4DBD-AA8D-77193845F783}.Release|Any CPU.Build.0 = Release|Any CPU
		{42DD678C-E08D-46D1-8F50-E7DB4AC0B50B}.Debug|Any CPU.ActiveCfg = Debug|Any CPU
		{42DD678C-E08D-46D1-8F50-E7DB4AC0B50B}.Debug|Any CPU.Build.0 = Debug|Any CPU
		{42DD678C-E08D-46D1-8F50-E7DB4AC0B50B}.Release|Any CPU.ActiveCfg = Release|Any CPU
		{42DD678C-E08D-46D1-8F50-E7DB4AC0B50B}.Release|Any CPU.Build.0 = Release|Any CPU
		{174CFAE1-19C8-470C-B184-27802711B87F}.Debug|Any CPU.ActiveCfg = Debug|Any CPU
		{174CFAE1-19C8-470C-B184-27802711B87F}.Debug|Any CPU.Build.0 = Debug|Any CPU
		{174CFAE1-19C8-470C-B184-27802711B87F}.Release|Any CPU.ActiveCfg = Release|Any CPU
		{174CFAE1-19C8-470C-B184-27802711B87F}.Release|Any CPU.Build.0 = Release|Any CPU
		{01A2E290-6AD3-4F0F-8B64-68970B8B955B}.Debug|Any CPU.ActiveCfg = Debug|Any CPU
		{01A2E290-6AD3-4F0F-8B64-68970B8B955B}.Debug|Any CPU.Build.0 = Debug|Any CPU
		{01A2E290-6AD3-4F0F-8B64-68970B8B955B}.Release|Any CPU.ActiveCfg = Release|Any CPU
		{01A2E290-6AD3-4F0F-8B64-68970B8B955B}.Release|Any CPU.Build.0 = Release|Any CPU
		{F7880704-DC05-4B7D-BA3F-ADADC3029ED8}.Debug|Any CPU.ActiveCfg = Debug|Any CPU
		{F7880704-DC05-4B7D-BA3F-ADADC3029ED8}.Debug|Any CPU.Build.0 = Debug|Any CPU
		{F7880704-DC05-4B7D-BA3F-ADADC3029ED8}.Release|Any CPU.ActiveCfg = Release|Any CPU
		{F7880704-DC05-4B7D-BA3F-ADADC3029ED8}.Release|Any CPU.Build.0 = Release|Any CPU
		{9CD81F08-C9CF-4236-AD6D-6FE4059A7D5F}.Debug|Any CPU.ActiveCfg = Debug|Any CPU
		{9CD81F08-C9CF-4236-AD6D-6FE4059A7D5F}.Debug|Any CPU.Build.0 = Debug|Any CPU
		{9CD81F08-C9CF-4236-AD6D-6FE4059A7D5F}.Release|Any CPU.ActiveCfg = Release|Any CPU
		{9CD81F08-C9CF-4236-AD6D-6FE4059A7D5F}.Release|Any CPU.Build.0 = Release|Any CPU
		{AC0807D2-C015-4875-ACE9-40E147380097}.Debug|Any CPU.ActiveCfg = Debug|Any CPU
		{AC0807D2-C015-4875-ACE9-40E147380097}.Debug|Any CPU.Build.0 = Debug|Any CPU
		{AC0807D2-C015-4875-ACE9-40E147380097}.Release|Any CPU.ActiveCfg = Release|Any CPU
		{AC0807D2-C015-4875-ACE9-40E147380097}.Release|Any CPU.Build.0 = Release|Any CPU
	EndGlobalSection
	GlobalSection(SolutionProperties) = preSolution
		HideSolutionNode = FALSE
	EndGlobalSection
	GlobalSection(NestedProjects) = preSolution
		{987D42CB-F02B-4DFF-A724-3717F54BEE8A} = {36D591C7-65C7-A0D1-1CBC-10CDE441BDC8}
		{F233C4DE-EA93-425A-B6E0-C9F95C0F5E28} = {7A4366FD-4A98-4BB9-81A5-25CF54DCE25D}
		{29975FEA-158C-4337-BF17-3EA235669F90} = {36D591C7-65C7-A0D1-1CBC-10CDE441BDC8}
		{243F2000-AA19-4690-A03A-54DD6C83F309} = {7A4366FD-4A98-4BB9-81A5-25CF54DCE25D}
		{1764D81F-3D80-494B-B984-A23E61D5F1DF} = {36D591C7-65C7-A0D1-1CBC-10CDE441BDC8}
		{E30E8DF0-3A4D-465D-B860-308D5F142E7A} = {7A4366FD-4A98-4BB9-81A5-25CF54DCE25D}
		{36D591C7-65C7-A0D1-1CBC-10CDE441BDC8} = {7A4366FD-4A98-4BB9-81A5-25CF54DCE25D}
		{1F5D8A59-9790-4DBD-AA8D-77193845F783} = {36D591C7-65C7-A0D1-1CBC-10CDE441BDC8}
		{42DD678C-E08D-46D1-8F50-E7DB4AC0B50B} = {36D591C7-65C7-A0D1-1CBC-10CDE441BDC8}
		{174CFAE1-19C8-470C-B184-27802711B87F} = {7A4366FD-4A98-4BB9-81A5-25CF54DCE25D}
		{01A2E290-6AD3-4F0F-8B64-68970B8B955B} = {7A4366FD-4A98-4BB9-81A5-25CF54DCE25D}
		{F7880704-DC05-4B7D-BA3F-ADADC3029ED8} = {36D591C7-65C7-A0D1-1CBC-10CDE441BDC8}
		{AC0807D2-C015-4875-ACE9-40E147380097} = {7A4366FD-4A98-4BB9-81A5-25CF54DCE25D}
	EndGlobalSection
	GlobalSection(ExtensibilityGlobals) = postSolution
		SolutionGuid = {F8DE026B-F83F-49C3-AAF4-C3924C080D00}
	EndGlobalSection
EndGlobal
