
Microsoft Visual Studio Solution File, Format Version 12.00
# Visual Studio Version 17
VisualStudioVersion = 17.12.35728.132
MinimumVisualStudioVersion = 10.0.40219.1
Project("{2150E333-8FDC-42A3-9474-1A3956D46DE8}") = "Элементы Решения", "Элементы Решения", "{32C8E260-3AF1-402A-913A-AF8F18728409}"
	ProjectSection(SolutionItems) = preProject
		.editorconfig = .editorconfig
		Directory.Build.props = Directory.Build.props
		NuGet.config = NuGet.config
	EndProjectSection
EndProject
Project("{2150E333-8FDC-42A3-9474-1A3956D46DE8}") = "Element", "Element", "{FA780FE4-7374-4D0B-B5F7-32B828A738C8}"
EndProject
Project("{FAE04EC0-301F-11D3-BF4B-00C04F79EFBC}") = "OG.Element.Abstraction", "OG.Element.Abstraction\OG.Element.Abstraction.csproj", "{6A620A9E-EB21-4F7D-A8E8-DA78EA148D42}"
EndProject
Project("{2150E333-8FDC-42A3-9474-1A3956D46DE8}") = "Event", "Event", "{65BB5295-1FC7-43AE-B55A-2423A7B00093}"
EndProject
Project("{FAE04EC0-301F-11D3-BF4B-00C04F79EFBC}") = "OG.Event.Abstraction", "OG.Event.Abstraction\OG.Event.Abstraction.csproj", "{E5153D93-04CF-4146-9283-C8908F6847FA}"
EndProject
Project("{FAE04EC0-301F-11D3-BF4B-00C04F79EFBC}") = "OG.Element.Container.Abstraction", "OG.Element.Container.Abstraction\OG.Element.Container.Abstraction.csproj", "{36ECB63F-D22C-4B23-AF25-A0F37EF03905}"
EndProject
Project("{2150E333-8FDC-42A3-9474-1A3956D46DE8}") = "Abstraction", "Abstraction", "{BE80D6B7-93B6-4048-9D9D-314420595798}"
EndProject
Project("{FAE04EC0-301F-11D3-BF4B-00C04F79EFBC}") = "OG.Element.Visual.Abstraction", "OG.Element.Visual.Abstraction\OG.Element.Visual.Abstraction.csproj", "{F835EEB9-77B5-4485-8A3D-BA7B2C593BEA}"
EndProject
Project("{FAE04EC0-301F-11D3-BF4B-00C04F79EFBC}") = "OG.Element.Interactive.Abstraction", "OG.Element.Interactive.Abstraction\OG.Element.Interactive.Abstraction.csproj", "{C073B974-B092-4B6F-9ACF-C248AA71C9B5}"
EndProject
Project("{FAE04EC0-301F-11D3-BF4B-00C04F79EFBC}") = "OG.Element", "OG.Element\OG.Element.csproj", "{CA87E900-C658-423A-BAA7-09138947F9EF}"
EndProject
Project("{FAE04EC0-301F-11D3-BF4B-00C04F79EFBC}") = "OG.Element.Container", "OG.Element.Container\OG.Element.Container.csproj", "{8B4A6F2C-889B-41A6-9394-C6F737FB1E0C}"
EndProject
Project("{FAE04EC0-301F-11D3-BF4B-00C04F79EFBC}") = "OG.Event", "OG.Event\OG.Event.csproj", "{2674A19F-1A45-4AA0-8129-CEA7B6E7D701}"
EndProject
Project("{FAE04EC0-301F-11D3-BF4B-00C04F79EFBC}") = "OG.Event.Extensions", "OG.Event.Extensions\OG.Event.Extensions.csproj", "{C5E5470B-C258-40C3-9AEB-4DF43915FF28}"
EndProject
Project("{FAE04EC0-301F-11D3-BF4B-00C04F79EFBC}") = "OG.Element.Visual", "OG.Element.Visual\OG.Element.Visual.csproj", "{29A2A440-0B62-4C23-9955-FE3F5CF9A6C4}"
EndProject
Project("{2150E333-8FDC-42A3-9474-1A3956D46DE8}") = "Transformer", "Transformer", "{B40ECF91-5992-4D46-AD0C-1A4CD144725C}"
EndProject
Project("{FAE04EC0-301F-11D3-BF4B-00C04F79EFBC}") = "OG.Transformer.Abstraction", "OG.Transformer.Abstraction\OG.Transformer.Abstraction.csproj", "{BDE5E315-878C-47AE-A056-183D520F7599}"
EndProject
Project("{2150E333-8FDC-42A3-9474-1A3956D46DE8}") = "Graphics", "Graphics", "{2550EF18-354C-4785-A877-1F7F21D1D52A}"
EndProject
Project("{FAE04EC0-301F-11D3-BF4B-00C04F79EFBC}") = "OG.Graphics.Abstraction", "OG.Graphics.Abstraction\OG.Graphics.Abstraction.csproj", "{AF21115C-DC60-4A5A-BCAE-E876861C03DF}"
EndProject
Project("{FAE04EC0-301F-11D3-BF4B-00C04F79EFBC}") = "OG.Event.Prefab.Abstraction", "OG.Event.Prefab.Abstraction\OG.Event.Prefab.Abstraction.csproj", "{C82C184B-A779-4739-88AA-7F964344D97F}"
EndProject
Project("{FAE04EC0-301F-11D3-BF4B-00C04F79EFBC}") = "OG.Event.Prefab", "OG.Event.Prefab\OG.Event.Prefab.csproj", "{AA3EB55F-FBA2-463A-AFD2-7AA1B93834A1}"
EndProject
Project("{FAE04EC0-301F-11D3-BF4B-00C04F79EFBC}") = "OG.Event.Pipe", "OG.Event.Pipe\OG.Event.Pipe.csproj", "{730247CF-ACC5-45E2-808B-A5CC7FB1C568}"
EndProject
Project("{FAE04EC0-301F-11D3-BF4B-00C04F79EFBC}") = "OG.Graphics", "OG.Graphics\OG.Graphics.csproj", "{27CAB1BE-7B3E-409A-B427-3D768862CCC7}"
EndProject
Project("{FAE04EC0-301F-11D3-BF4B-00C04F79EFBC}") = "OG.Transformer", "OG.Transformer\OG.Transformer.csproj", "{E3FF5D4E-0CA2-4FD7-975F-89993EC65A79}"
EndProject
Project("{2150E333-8FDC-42A3-9474-1A3956D46DE8}") = "DataTypes", "DataTypes", "{55D9D0A5-1E4B-4978-B9BD-6481E5C4273E}"
EndProject
Project("{FAE04EC0-301F-11D3-BF4B-00C04F79EFBC}") = "OG.DataTypes.Orientation", "OG.DataTypes.Orientation\OG.DataTypes.Orientation.csproj", "{F452AC72-2134-475A-8440-92944767922C}"
EndProject
Project("{FAE04EC0-301F-11D3-BF4B-00C04F79EFBC}") = "OG.Element.Interactive", "OG.Element.Interactive\OG.Element.Interactive.csproj", "{BD1B267F-BED0-43DF-971F-9A38179CA404}"
EndProject
Project("{2150E333-8FDC-42A3-9474-1A3956D46DE8}") = "Layout", "Layout", "{0A01AECB-CE0F-4486-93C6-83B1C814FCFB}"
EndProject
Project("{FAE04EC0-301F-11D3-BF4B-00C04F79EFBC}") = "OG.Layout.Abstraction", "OG.Layout.Abstraction\OG.Layout.Abstraction.csproj", "{B03EB0BC-35EA-43BB-BA6E-2CA130987A54}"
EndProject
Project("{FAE04EC0-301F-11D3-BF4B-00C04F79EFBC}") = "OG.Layout", "OG.Layout\OG.Layout.csproj", "{B3F2B9E5-25EA-4CEB-B589-A850FCEF1984}"
EndProject
Project("{2150E333-8FDC-42A3-9474-1A3956D46DE8}") = "DK", "DK", "{CDD3E43B-FB71-457B-88A1-CA1B5EFC88E3}"
EndProject
Project("{FAE04EC0-301F-11D3-BF4B-00C04F79EFBC}") = "OG.DataKit.Transformer", "OG.DataKit.Transformer\OG.DataKit.Transformer.csproj", "{1DF80E5F-59D4-4083-B020-3F6C072F88DB}"
EndProject
Project("{FAE04EC0-301F-11D3-BF4B-00C04F79EFBC}") = "OG.DataKit.Animation", "OG.DataKit.Animation\OG.DataKit.Animation.csproj", "{EC6A1FE0-BDAF-4C30-8C9D-1B84BA69C4B0}"
EndProject
Project("{2150E333-8FDC-42A3-9474-1A3956D46DE8}") = "Factory", "Factory", "{88D8EDA9-427F-4842-B309-BDA450E0AE65}"
EndProject
Project("{FAE04EC0-301F-11D3-BF4B-00C04F79EFBC}") = "OG.Factory.Abstraction", "OG.Factory.Abstraction\OG.Factory.Abstraction.csproj", "{EE796047-B4DF-478A-9CFE-3F78CA00BD4D}"
EndProject
Project("{FAE04EC0-301F-11D3-BF4B-00C04F79EFBC}") = "OG.Factory", "OG.Factory\OG.Factory.csproj", "{84B22D4D-A409-4F8E-97CE-2A70008B3ED5}"
EndProject
Project("{2150E333-8FDC-42A3-9474-1A3956D46DE8}") = "Builder", "Builder", "{40FF8FED-2694-46F3-82FF-8A35D64A5351}"
EndProject
Project("{FAE04EC0-301F-11D3-BF4B-00C04F79EFBC}") = "OG.Builder.Abstraction", "OG.Builder.Abstraction\OG.Builder.Abstraction.csproj", "{F3D4FAE0-4BDF-4EB3-A152-853AD7D8BEFE}"
EndProject
Project("{FAE04EC0-301F-11D3-BF4B-00C04F79EFBC}") = "OG.Builder", "OG.Builder\OG.Builder.csproj", "{323B1CDB-8992-4318-86B2-050E36B87980}"
EndProject
Project("{FAE04EC0-301F-11D3-BF4B-00C04F79EFBC}") = "OG.DataKit.Processing", "OG.DataKit.Processing\OG.DataKit.Processing.csproj", "{49ECFE52-E345-4435-829B-4DCFBAAECBD1}"
EndProject
Project("{2150E333-8FDC-42A3-9474-1A3956D46DE8}") = "TextController", "TextController", "{360E719C-0838-444B-A0FB-FED6A83A16F6}"
EndProject
Project("{FAE04EC0-301F-11D3-BF4B-00C04F79EFBC}") = "OG.TextController.Abstraction", "OG.TextController.Abstraction\OG.TextController.Abstraction.csproj", "{3D9ED808-972F-4401-9F13-A8E0500D7135}"
EndProject
Project("{FAE04EC0-301F-11D3-BF4B-00C04F79EFBC}") = "OG.TextController", "OG.TextController\OG.TextController.csproj", "{39449A1B-0E9E-42AA-ABBA-70E00C8BE0A6}"
EndProject
Project("{FAE04EC0-301F-11D3-BF4B-00C04F79EFBC}") = "OG.Transformer.Options", "OG.Transformer.Options\OG.Transformer.Options.csproj", "{77356BBA-9B24-4CDE-91DA-80A5906B2E4D}"
EndProject
Project("{FAE04EC0-301F-11D3-BF4B-00C04F79EFBC}") = "OG.Factory.Arguments", "OG.Factory.Arguments\OG.Factory.Arguments.csproj", "{43C747A9-3ADC-4151-98AF-21BEE9ABB435}"
EndProject
Project("{FAE04EC0-301F-11D3-BF4B-00C04F79EFBC}") = "OG.Factory.Interactive", "OG.Factory.Interactive\OG.Factory.Interactive.csproj", "{654913A5-FDD5-42DA-BF9C-73743821C607}"
EndProject
Project("{FAE04EC0-301F-11D3-BF4B-00C04F79EFBC}") = "OG.Factory.Visual", "OG.Factory.Visual\OG.Factory.Visual.csproj", "{D6248EBC-545C-416C-B0FB-BD3C90B4C705}"
EndProject
Project("{FAE04EC0-301F-11D3-BF4B-00C04F79EFBC}") = "OG.Builder.Arguments.Interactive", "OG.Builder.Arguments.Interactive\OG.Builder.Arguments.Interactive.csproj", "{7E310BDA-13A2-4E85-9C7A-BFAE87F7347B}"
EndProject
Project("{FAE04EC0-301F-11D3-BF4B-00C04F79EFBC}") = "OG.Builder.Arguments.Visual", "OG.Builder.Arguments.Visual\OG.Builder.Arguments.Visual.csproj", "{D4E861B2-0365-4025-B011-0DEACED963BD}"
EndProject
Project("{FAE04EC0-301F-11D3-BF4B-00C04F79EFBC}") = "OG.Builder.Arguments", "OG.Builder.Arguments\OG.Builder.Arguments.csproj", "{19FD379B-A518-4E52-BB49-042774CBCB90}"
EndProject
Project("{FAE04EC0-301F-11D3-BF4B-00C04F79EFBC}") = "OG.Builder.Contexts", "OG.Builder.Contexts\OG.Builder.Contexts.csproj", "{FBE8D6AE-7143-44C4-AAF1-F90D8CA2BDE4}"
EndProject
Project("{FAE04EC0-301F-11D3-BF4B-00C04F79EFBC}") = "OG.Builder.Contexts.Interactive", "OG.Builder.Contexts.Interactive\OG.Builder.Contexts.Interactive.csproj", "{B1C7BA9A-6990-4E7A-953C-FAC50919BE56}"
EndProject
Project("{FAE04EC0-301F-11D3-BF4B-00C04F79EFBC}") = "OG.Builder.Contexts.Visual", "OG.Builder.Contexts.Visual\OG.Builder.Contexts.Visual.csproj", "{8B047345-6B75-4129-BEDD-6AA6C34A3173}"
EndProject
Project("{FAE04EC0-301F-11D3-BF4B-00C04F79EFBC}") = "OG.Builder.Interactive", "OG.Builder.Interactive\OG.Builder.Interactive.csproj", "{3A72F605-C844-454C-B98D-1D89177348B8}"
EndProject
Project("{FAE04EC0-301F-11D3-BF4B-00C04F79EFBC}") = "OG.Builder.Visual", "OG.Builder.Visual\OG.Builder.Visual.csproj", "{074611BF-E7E1-4DB6-A4DE-91F8583ED1DE}"
EndProject
Project("{2150E333-8FDC-42A3-9474-1A3956D46DE8}") = "Abstraction", "Abstraction", "{B3842384-15DA-4881-A759-B6714D1DEC16}"
EndProject
Project("{2150E333-8FDC-42A3-9474-1A3956D46DE8}") = "Abstraction", "Abstraction", "{3C9D424B-275C-42CA-A226-379CA1286815}"
EndProject
Project("{2150E333-8FDC-42A3-9474-1A3956D46DE8}") = "Abstraction", "Abstraction", "{51FD9EE6-B161-48BA-B6B2-AAC8CD28AC8B}"
EndProject
Project("{2150E333-8FDC-42A3-9474-1A3956D46DE8}") = "Abstraction", "Abstraction", "{9E7B1AD4-E073-4DB6-96BB-ECAFE5BE26D9}"
EndProject
Project("{2150E333-8FDC-42A3-9474-1A3956D46DE8}") = "Abstraction", "Abstraction", "{CE9FD502-9DD0-430A-B05F-FEBA0FCC365C}"
EndProject
Project("{2150E333-8FDC-42A3-9474-1A3956D46DE8}") = "Abstraction", "Abstraction", "{AF8C354A-1D49-4645-8206-CA62814116F8}"
EndProject
Project("{2150E333-8FDC-42A3-9474-1A3956D46DE8}") = "Abstraction", "Abstraction", "{9D737936-347F-4482-9E2C-C7DCFD79F27C}"
EndProject
Project("{FAE04EC0-301F-11D3-BF4B-00C04F79EFBC}") = "OG.DataKit.Animation.Observer", "OG.DataKit.Animation.Observer\OG.DataKit.Animation.Observer.csproj", "{C5A61302-1067-49E2-AFFA-A18E5CA48F93}"
EndProject
Project("{FAE04EC0-301F-11D3-BF4B-00C04F79EFBC}") = "OG.DataTypes.Alignment", "OG.DataTypes.Alignment\OG.DataTypes.Alignment.csproj", "{EEAE6AC1-02ED-429E-8B4F-DC6A562F160D}"
EndProject
Project("{2150E333-8FDC-42A3-9474-1A3956D46DE8}") = "EH", "EH", "{A5795260-F727-4739-A1A8-84DB37CC6656}"
EndProject
Project("{2150E333-8FDC-42A3-9474-1A3956D46DE8}") = "Builder", "Builder", "{1C4966F9-A7CF-43D1-8F0C-4AE5CD070E72}"
EndProject
Project("{FAE04EC0-301F-11D3-BF4B-00C04F79EFBC}") = "EH.Builder.Interactive", "EH.Builder.Interactive\EH.Builder.Interactive.csproj", "{591AE499-B23C-42B0-B4D7-6423BF452434}"
EndProject
Project("{FAE04EC0-301F-11D3-BF4B-00C04F79EFBC}") = "EH.Builder.Option.Abstraction", "EH.Builder.Option.Abstraction\EH.Builder.Option.Abstraction.csproj", "{E44BB54B-5102-44DA-A9C1-E0DD24CE4264}"
EndProject
Project("{FAE04EC0-301F-11D3-BF4B-00C04F79EFBC}") = "EH.Builder.Option", "EH.Builder.Option\EH.Builder.Option.csproj", "{BF954977-9321-4FBA-BC41-98E7C96104E5}"
EndProject
Project("{FAE04EC0-301F-11D3-BF4B-00C04F79EFBC}") = "EH.Builder.Visual", "EH.Builder.Visual\EH.Builder.Visual.csproj", "{7DAA8E60-F8B0-46E8-A6A2-51DB8475F6CF}"
EndProject
Project("{FAE04EC0-301F-11D3-BF4B-00C04F79EFBC}") = "EH.Builder", "EH.Builder\EH.Builder.csproj", "{27130F2B-A967-40E8-9F1C-21DAAD8EB4ED}"
EndProject
Global
	GlobalSection(SolutionConfigurationPlatforms) = preSolution
		Debug|Any CPU = Debug|Any CPU
		Release|Any CPU = Release|Any CPU
	EndGlobalSection
	GlobalSection(ProjectConfigurationPlatforms) = postSolution
		{6A620A9E-EB21-4F7D-A8E8-DA78EA148D42}.Debug|Any CPU.ActiveCfg = Debug|Any CPU
		{6A620A9E-EB21-4F7D-A8E8-DA78EA148D42}.Debug|Any CPU.Build.0 = Debug|Any CPU
		{6A620A9E-EB21-4F7D-A8E8-DA78EA148D42}.Release|Any CPU.ActiveCfg = Release|Any CPU
		{6A620A9E-EB21-4F7D-A8E8-DA78EA148D42}.Release|Any CPU.Build.0 = Release|Any CPU
		{E5153D93-04CF-4146-9283-C8908F6847FA}.Debug|Any CPU.ActiveCfg = Debug|Any CPU
		{E5153D93-04CF-4146-9283-C8908F6847FA}.Debug|Any CPU.Build.0 = Debug|Any CPU
		{E5153D93-04CF-4146-9283-C8908F6847FA}.Release|Any CPU.ActiveCfg = Release|Any CPU
		{E5153D93-04CF-4146-9283-C8908F6847FA}.Release|Any CPU.Build.0 = Release|Any CPU
		{36ECB63F-D22C-4B23-AF25-A0F37EF03905}.Debug|Any CPU.ActiveCfg = Debug|Any CPU
		{36ECB63F-D22C-4B23-AF25-A0F37EF03905}.Debug|Any CPU.Build.0 = Debug|Any CPU
		{36ECB63F-D22C-4B23-AF25-A0F37EF03905}.Release|Any CPU.ActiveCfg = Release|Any CPU
		{36ECB63F-D22C-4B23-AF25-A0F37EF03905}.Release|Any CPU.Build.0 = Release|Any CPU
		{F835EEB9-77B5-4485-8A3D-BA7B2C593BEA}.Debug|Any CPU.ActiveCfg = Debug|Any CPU
		{F835EEB9-77B5-4485-8A3D-BA7B2C593BEA}.Debug|Any CPU.Build.0 = Debug|Any CPU
		{F835EEB9-77B5-4485-8A3D-BA7B2C593BEA}.Release|Any CPU.ActiveCfg = Release|Any CPU
		{F835EEB9-77B5-4485-8A3D-BA7B2C593BEA}.Release|Any CPU.Build.0 = Release|Any CPU
		{C073B974-B092-4B6F-9ACF-C248AA71C9B5}.Debug|Any CPU.ActiveCfg = Debug|Any CPU
		{C073B974-B092-4B6F-9ACF-C248AA71C9B5}.Debug|Any CPU.Build.0 = Debug|Any CPU
		{C073B974-B092-4B6F-9ACF-C248AA71C9B5}.Release|Any CPU.ActiveCfg = Release|Any CPU
		{C073B974-B092-4B6F-9ACF-C248AA71C9B5}.Release|Any CPU.Build.0 = Release|Any CPU
		{CA87E900-C658-423A-BAA7-09138947F9EF}.Debug|Any CPU.ActiveCfg = Debug|Any CPU
		{CA87E900-C658-423A-BAA7-09138947F9EF}.Debug|Any CPU.Build.0 = Debug|Any CPU
		{CA87E900-C658-423A-BAA7-09138947F9EF}.Release|Any CPU.ActiveCfg = Release|Any CPU
		{CA87E900-C658-423A-BAA7-09138947F9EF}.Release|Any CPU.Build.0 = Release|Any CPU
		{8B4A6F2C-889B-41A6-9394-C6F737FB1E0C}.Debug|Any CPU.ActiveCfg = Debug|Any CPU
		{8B4A6F2C-889B-41A6-9394-C6F737FB1E0C}.Debug|Any CPU.Build.0 = Debug|Any CPU
		{8B4A6F2C-889B-41A6-9394-C6F737FB1E0C}.Release|Any CPU.ActiveCfg = Release|Any CPU
		{8B4A6F2C-889B-41A6-9394-C6F737FB1E0C}.Release|Any CPU.Build.0 = Release|Any CPU
		{2674A19F-1A45-4AA0-8129-CEA7B6E7D701}.Debug|Any CPU.ActiveCfg = Debug|Any CPU
		{2674A19F-1A45-4AA0-8129-CEA7B6E7D701}.Debug|Any CPU.Build.0 = Debug|Any CPU
		{2674A19F-1A45-4AA0-8129-CEA7B6E7D701}.Release|Any CPU.ActiveCfg = Release|Any CPU
		{2674A19F-1A45-4AA0-8129-CEA7B6E7D701}.Release|Any CPU.Build.0 = Release|Any CPU
		{C5E5470B-C258-40C3-9AEB-4DF43915FF28}.Debug|Any CPU.ActiveCfg = Debug|Any CPU
		{C5E5470B-C258-40C3-9AEB-4DF43915FF28}.Debug|Any CPU.Build.0 = Debug|Any CPU
		{C5E5470B-C258-40C3-9AEB-4DF43915FF28}.Release|Any CPU.ActiveCfg = Release|Any CPU
		{C5E5470B-C258-40C3-9AEB-4DF43915FF28}.Release|Any CPU.Build.0 = Release|Any CPU
		{29A2A440-0B62-4C23-9955-FE3F5CF9A6C4}.Debug|Any CPU.ActiveCfg = Debug|Any CPU
		{29A2A440-0B62-4C23-9955-FE3F5CF9A6C4}.Debug|Any CPU.Build.0 = Debug|Any CPU
		{29A2A440-0B62-4C23-9955-FE3F5CF9A6C4}.Release|Any CPU.ActiveCfg = Release|Any CPU
		{29A2A440-0B62-4C23-9955-FE3F5CF9A6C4}.Release|Any CPU.Build.0 = Release|Any CPU
		{BDE5E315-878C-47AE-A056-183D520F7599}.Debug|Any CPU.ActiveCfg = Debug|Any CPU
		{BDE5E315-878C-47AE-A056-183D520F7599}.Debug|Any CPU.Build.0 = Debug|Any CPU
		{BDE5E315-878C-47AE-A056-183D520F7599}.Release|Any CPU.ActiveCfg = Release|Any CPU
		{BDE5E315-878C-47AE-A056-183D520F7599}.Release|Any CPU.Build.0 = Release|Any CPU
		{AF21115C-DC60-4A5A-BCAE-E876861C03DF}.Debug|Any CPU.ActiveCfg = Debug|Any CPU
		{AF21115C-DC60-4A5A-BCAE-E876861C03DF}.Debug|Any CPU.Build.0 = Debug|Any CPU
		{AF21115C-DC60-4A5A-BCAE-E876861C03DF}.Release|Any CPU.ActiveCfg = Release|Any CPU
		{AF21115C-DC60-4A5A-BCAE-E876861C03DF}.Release|Any CPU.Build.0 = Release|Any CPU
		{C82C184B-A779-4739-88AA-7F964344D97F}.Debug|Any CPU.ActiveCfg = Debug|Any CPU
		{C82C184B-A779-4739-88AA-7F964344D97F}.Debug|Any CPU.Build.0 = Debug|Any CPU
		{C82C184B-A779-4739-88AA-7F964344D97F}.Release|Any CPU.ActiveCfg = Release|Any CPU
		{C82C184B-A779-4739-88AA-7F964344D97F}.Release|Any CPU.Build.0 = Release|Any CPU
		{AA3EB55F-FBA2-463A-AFD2-7AA1B93834A1}.Debug|Any CPU.ActiveCfg = Debug|Any CPU
		{AA3EB55F-FBA2-463A-AFD2-7AA1B93834A1}.Debug|Any CPU.Build.0 = Debug|Any CPU
		{AA3EB55F-FBA2-463A-AFD2-7AA1B93834A1}.Release|Any CPU.ActiveCfg = Release|Any CPU
		{AA3EB55F-FBA2-463A-AFD2-7AA1B93834A1}.Release|Any CPU.Build.0 = Release|Any CPU
		{730247CF-ACC5-45E2-808B-A5CC7FB1C568}.Debug|Any CPU.ActiveCfg = Debug|Any CPU
		{730247CF-ACC5-45E2-808B-A5CC7FB1C568}.Debug|Any CPU.Build.0 = Debug|Any CPU
		{730247CF-ACC5-45E2-808B-A5CC7FB1C568}.Release|Any CPU.ActiveCfg = Release|Any CPU
		{730247CF-ACC5-45E2-808B-A5CC7FB1C568}.Release|Any CPU.Build.0 = Release|Any CPU
		{27CAB1BE-7B3E-409A-B427-3D768862CCC7}.Debug|Any CPU.ActiveCfg = Debug|Any CPU
		{27CAB1BE-7B3E-409A-B427-3D768862CCC7}.Debug|Any CPU.Build.0 = Debug|Any CPU
		{27CAB1BE-7B3E-409A-B427-3D768862CCC7}.Release|Any CPU.ActiveCfg = Release|Any CPU
		{27CAB1BE-7B3E-409A-B427-3D768862CCC7}.Release|Any CPU.Build.0 = Release|Any CPU
		{E3FF5D4E-0CA2-4FD7-975F-89993EC65A79}.Debug|Any CPU.ActiveCfg = Debug|Any CPU
		{E3FF5D4E-0CA2-4FD7-975F-89993EC65A79}.Debug|Any CPU.Build.0 = Debug|Any CPU
		{E3FF5D4E-0CA2-4FD7-975F-89993EC65A79}.Release|Any CPU.ActiveCfg = Release|Any CPU
		{E3FF5D4E-0CA2-4FD7-975F-89993EC65A79}.Release|Any CPU.Build.0 = Release|Any CPU
		{F452AC72-2134-475A-8440-92944767922C}.Debug|Any CPU.ActiveCfg = Debug|Any CPU
		{F452AC72-2134-475A-8440-92944767922C}.Debug|Any CPU.Build.0 = Debug|Any CPU
		{F452AC72-2134-475A-8440-92944767922C}.Release|Any CPU.ActiveCfg = Release|Any CPU
		{F452AC72-2134-475A-8440-92944767922C}.Release|Any CPU.Build.0 = Release|Any CPU
		{BD1B267F-BED0-43DF-971F-9A38179CA404}.Debug|Any CPU.ActiveCfg = Debug|Any CPU
		{BD1B267F-BED0-43DF-971F-9A38179CA404}.Debug|Any CPU.Build.0 = Debug|Any CPU
		{BD1B267F-BED0-43DF-971F-9A38179CA404}.Release|Any CPU.ActiveCfg = Release|Any CPU
		{BD1B267F-BED0-43DF-971F-9A38179CA404}.Release|Any CPU.Build.0 = Release|Any CPU
		{B03EB0BC-35EA-43BB-BA6E-2CA130987A54}.Debug|Any CPU.ActiveCfg = Debug|Any CPU
		{B03EB0BC-35EA-43BB-BA6E-2CA130987A54}.Debug|Any CPU.Build.0 = Debug|Any CPU
		{B03EB0BC-35EA-43BB-BA6E-2CA130987A54}.Release|Any CPU.ActiveCfg = Release|Any CPU
		{B03EB0BC-35EA-43BB-BA6E-2CA130987A54}.Release|Any CPU.Build.0 = Release|Any CPU
		{B3F2B9E5-25EA-4CEB-B589-A850FCEF1984}.Debug|Any CPU.ActiveCfg = Debug|Any CPU
		{B3F2B9E5-25EA-4CEB-B589-A850FCEF1984}.Debug|Any CPU.Build.0 = Debug|Any CPU
		{B3F2B9E5-25EA-4CEB-B589-A850FCEF1984}.Release|Any CPU.ActiveCfg = Release|Any CPU
		{B3F2B9E5-25EA-4CEB-B589-A850FCEF1984}.Release|Any CPU.Build.0 = Release|Any CPU
		{1DF80E5F-59D4-4083-B020-3F6C072F88DB}.Debug|Any CPU.ActiveCfg = Debug|Any CPU
		{1DF80E5F-59D4-4083-B020-3F6C072F88DB}.Debug|Any CPU.Build.0 = Debug|Any CPU
		{1DF80E5F-59D4-4083-B020-3F6C072F88DB}.Release|Any CPU.ActiveCfg = Release|Any CPU
		{1DF80E5F-59D4-4083-B020-3F6C072F88DB}.Release|Any CPU.Build.0 = Release|Any CPU
		{EC6A1FE0-BDAF-4C30-8C9D-1B84BA69C4B0}.Debug|Any CPU.ActiveCfg = Debug|Any CPU
		{EC6A1FE0-BDAF-4C30-8C9D-1B84BA69C4B0}.Debug|Any CPU.Build.0 = Debug|Any CPU
		{EC6A1FE0-BDAF-4C30-8C9D-1B84BA69C4B0}.Release|Any CPU.ActiveCfg = Release|Any CPU
		{EC6A1FE0-BDAF-4C30-8C9D-1B84BA69C4B0}.Release|Any CPU.Build.0 = Release|Any CPU
		{EE796047-B4DF-478A-9CFE-3F78CA00BD4D}.Debug|Any CPU.ActiveCfg = Debug|Any CPU
		{EE796047-B4DF-478A-9CFE-3F78CA00BD4D}.Debug|Any CPU.Build.0 = Debug|Any CPU
		{EE796047-B4DF-478A-9CFE-3F78CA00BD4D}.Release|Any CPU.ActiveCfg = Release|Any CPU
		{EE796047-B4DF-478A-9CFE-3F78CA00BD4D}.Release|Any CPU.Build.0 = Release|Any CPU
		{84B22D4D-A409-4F8E-97CE-2A70008B3ED5}.Debug|Any CPU.ActiveCfg = Debug|Any CPU
		{84B22D4D-A409-4F8E-97CE-2A70008B3ED5}.Debug|Any CPU.Build.0 = Debug|Any CPU
		{84B22D4D-A409-4F8E-97CE-2A70008B3ED5}.Release|Any CPU.ActiveCfg = Release|Any CPU
		{84B22D4D-A409-4F8E-97CE-2A70008B3ED5}.Release|Any CPU.Build.0 = Release|Any CPU
		{F3D4FAE0-4BDF-4EB3-A152-853AD7D8BEFE}.Debug|Any CPU.ActiveCfg = Debug|Any CPU
		{F3D4FAE0-4BDF-4EB3-A152-853AD7D8BEFE}.Debug|Any CPU.Build.0 = Debug|Any CPU
		{F3D4FAE0-4BDF-4EB3-A152-853AD7D8BEFE}.Release|Any CPU.ActiveCfg = Release|Any CPU
		{F3D4FAE0-4BDF-4EB3-A152-853AD7D8BEFE}.Release|Any CPU.Build.0 = Release|Any CPU
		{323B1CDB-8992-4318-86B2-050E36B87980}.Debug|Any CPU.ActiveCfg = Debug|Any CPU
		{323B1CDB-8992-4318-86B2-050E36B87980}.Debug|Any CPU.Build.0 = Debug|Any CPU
		{323B1CDB-8992-4318-86B2-050E36B87980}.Release|Any CPU.ActiveCfg = Release|Any CPU
		{323B1CDB-8992-4318-86B2-050E36B87980}.Release|Any CPU.Build.0 = Release|Any CPU
		{49ECFE52-E345-4435-829B-4DCFBAAECBD1}.Debug|Any CPU.ActiveCfg = Debug|Any CPU
		{49ECFE52-E345-4435-829B-4DCFBAAECBD1}.Debug|Any CPU.Build.0 = Debug|Any CPU
		{49ECFE52-E345-4435-829B-4DCFBAAECBD1}.Release|Any CPU.ActiveCfg = Release|Any CPU
		{49ECFE52-E345-4435-829B-4DCFBAAECBD1}.Release|Any CPU.Build.0 = Release|Any CPU
		{3D9ED808-972F-4401-9F13-A8E0500D7135}.Debug|Any CPU.ActiveCfg = Debug|Any CPU
		{3D9ED808-972F-4401-9F13-A8E0500D7135}.Debug|Any CPU.Build.0 = Debug|Any CPU
		{3D9ED808-972F-4401-9F13-A8E0500D7135}.Release|Any CPU.ActiveCfg = Release|Any CPU
		{3D9ED808-972F-4401-9F13-A8E0500D7135}.Release|Any CPU.Build.0 = Release|Any CPU
		{39449A1B-0E9E-42AA-ABBA-70E00C8BE0A6}.Debug|Any CPU.ActiveCfg = Debug|Any CPU
		{39449A1B-0E9E-42AA-ABBA-70E00C8BE0A6}.Debug|Any CPU.Build.0 = Debug|Any CPU
		{39449A1B-0E9E-42AA-ABBA-70E00C8BE0A6}.Release|Any CPU.ActiveCfg = Release|Any CPU
		{39449A1B-0E9E-42AA-ABBA-70E00C8BE0A6}.Release|Any CPU.Build.0 = Release|Any CPU
		{77356BBA-9B24-4CDE-91DA-80A5906B2E4D}.Debug|Any CPU.ActiveCfg = Debug|Any CPU
		{77356BBA-9B24-4CDE-91DA-80A5906B2E4D}.Debug|Any CPU.Build.0 = Debug|Any CPU
		{77356BBA-9B24-4CDE-91DA-80A5906B2E4D}.Release|Any CPU.ActiveCfg = Release|Any CPU
		{77356BBA-9B24-4CDE-91DA-80A5906B2E4D}.Release|Any CPU.Build.0 = Release|Any CPU
		{43C747A9-3ADC-4151-98AF-21BEE9ABB435}.Debug|Any CPU.ActiveCfg = Debug|Any CPU
		{43C747A9-3ADC-4151-98AF-21BEE9ABB435}.Debug|Any CPU.Build.0 = Debug|Any CPU
		{43C747A9-3ADC-4151-98AF-21BEE9ABB435}.Release|Any CPU.ActiveCfg = Release|Any CPU
		{43C747A9-3ADC-4151-98AF-21BEE9ABB435}.Release|Any CPU.Build.0 = Release|Any CPU
		{654913A5-FDD5-42DA-BF9C-73743821C607}.Debug|Any CPU.ActiveCfg = Debug|Any CPU
		{654913A5-FDD5-42DA-BF9C-73743821C607}.Debug|Any CPU.Build.0 = Debug|Any CPU
		{654913A5-FDD5-42DA-BF9C-73743821C607}.Release|Any CPU.ActiveCfg = Release|Any CPU
		{654913A5-FDD5-42DA-BF9C-73743821C607}.Release|Any CPU.Build.0 = Release|Any CPU
		{D6248EBC-545C-416C-B0FB-BD3C90B4C705}.Debug|Any CPU.ActiveCfg = Debug|Any CPU
		{D6248EBC-545C-416C-B0FB-BD3C90B4C705}.Debug|Any CPU.Build.0 = Debug|Any CPU
		{D6248EBC-545C-416C-B0FB-BD3C90B4C705}.Release|Any CPU.ActiveCfg = Release|Any CPU
		{D6248EBC-545C-416C-B0FB-BD3C90B4C705}.Release|Any CPU.Build.0 = Release|Any CPU
		{7E310BDA-13A2-4E85-9C7A-BFAE87F7347B}.Debug|Any CPU.ActiveCfg = Debug|Any CPU
		{7E310BDA-13A2-4E85-9C7A-BFAE87F7347B}.Debug|Any CPU.Build.0 = Debug|Any CPU
		{7E310BDA-13A2-4E85-9C7A-BFAE87F7347B}.Release|Any CPU.ActiveCfg = Release|Any CPU
		{7E310BDA-13A2-4E85-9C7A-BFAE87F7347B}.Release|Any CPU.Build.0 = Release|Any CPU
		{D4E861B2-0365-4025-B011-0DEACED963BD}.Debug|Any CPU.ActiveCfg = Debug|Any CPU
		{D4E861B2-0365-4025-B011-0DEACED963BD}.Debug|Any CPU.Build.0 = Debug|Any CPU
		{D4E861B2-0365-4025-B011-0DEACED963BD}.Release|Any CPU.ActiveCfg = Release|Any CPU
		{D4E861B2-0365-4025-B011-0DEACED963BD}.Release|Any CPU.Build.0 = Release|Any CPU
		{19FD379B-A518-4E52-BB49-042774CBCB90}.Debug|Any CPU.ActiveCfg = Debug|Any CPU
		{19FD379B-A518-4E52-BB49-042774CBCB90}.Debug|Any CPU.Build.0 = Debug|Any CPU
		{19FD379B-A518-4E52-BB49-042774CBCB90}.Release|Any CPU.ActiveCfg = Release|Any CPU
		{19FD379B-A518-4E52-BB49-042774CBCB90}.Release|Any CPU.Build.0 = Release|Any CPU
		{FBE8D6AE-7143-44C4-AAF1-F90D8CA2BDE4}.Debug|Any CPU.ActiveCfg = Debug|Any CPU
		{FBE8D6AE-7143-44C4-AAF1-F90D8CA2BDE4}.Debug|Any CPU.Build.0 = Debug|Any CPU
		{FBE8D6AE-7143-44C4-AAF1-F90D8CA2BDE4}.Release|Any CPU.ActiveCfg = Release|Any CPU
		{FBE8D6AE-7143-44C4-AAF1-F90D8CA2BDE4}.Release|Any CPU.Build.0 = Release|Any CPU
		{B1C7BA9A-6990-4E7A-953C-FAC50919BE56}.Debug|Any CPU.ActiveCfg = Debug|Any CPU
		{B1C7BA9A-6990-4E7A-953C-FAC50919BE56}.Debug|Any CPU.Build.0 = Debug|Any CPU
		{B1C7BA9A-6990-4E7A-953C-FAC50919BE56}.Release|Any CPU.ActiveCfg = Release|Any CPU
		{B1C7BA9A-6990-4E7A-953C-FAC50919BE56}.Release|Any CPU.Build.0 = Release|Any CPU
		{8B047345-6B75-4129-BEDD-6AA6C34A3173}.Debug|Any CPU.ActiveCfg = Debug|Any CPU
		{8B047345-6B75-4129-BEDD-6AA6C34A3173}.Debug|Any CPU.Build.0 = Debug|Any CPU
		{8B047345-6B75-4129-BEDD-6AA6C34A3173}.Release|Any CPU.ActiveCfg = Release|Any CPU
		{8B047345-6B75-4129-BEDD-6AA6C34A3173}.Release|Any CPU.Build.0 = Release|Any CPU
		{3A72F605-C844-454C-B98D-1D89177348B8}.Debug|Any CPU.ActiveCfg = Debug|Any CPU
		{3A72F605-C844-454C-B98D-1D89177348B8}.Debug|Any CPU.Build.0 = Debug|Any CPU
		{3A72F605-C844-454C-B98D-1D89177348B8}.Release|Any CPU.ActiveCfg = Release|Any CPU
		{3A72F605-C844-454C-B98D-1D89177348B8}.Release|Any CPU.Build.0 = Release|Any CPU
		{074611BF-E7E1-4DB6-A4DE-91F8583ED1DE}.Debug|Any CPU.ActiveCfg = Debug|Any CPU
		{074611BF-E7E1-4DB6-A4DE-91F8583ED1DE}.Debug|Any CPU.Build.0 = Debug|Any CPU
		{074611BF-E7E1-4DB6-A4DE-91F8583ED1DE}.Release|Any CPU.ActiveCfg = Release|Any CPU
		{074611BF-E7E1-4DB6-A4DE-91F8583ED1DE}.Release|Any CPU.Build.0 = Release|Any CPU
		{C5A61302-1067-49E2-AFFA-A18E5CA48F93}.Debug|Any CPU.ActiveCfg = Debug|Any CPU
		{C5A61302-1067-49E2-AFFA-A18E5CA48F93}.Debug|Any CPU.Build.0 = Debug|Any CPU
		{C5A61302-1067-49E2-AFFA-A18E5CA48F93}.Release|Any CPU.ActiveCfg = Release|Any CPU
		{C5A61302-1067-49E2-AFFA-A18E5CA48F93}.Release|Any CPU.Build.0 = Release|Any CPU
		{EEAE6AC1-02ED-429E-8B4F-DC6A562F160D}.Debug|Any CPU.ActiveCfg = Debug|Any CPU
		{EEAE6AC1-02ED-429E-8B4F-DC6A562F160D}.Debug|Any CPU.Build.0 = Debug|Any CPU
		{EEAE6AC1-02ED-429E-8B4F-DC6A562F160D}.Release|Any CPU.ActiveCfg = Release|Any CPU
		{EEAE6AC1-02ED-429E-8B4F-DC6A562F160D}.Release|Any CPU.Build.0 = Release|Any CPU
		{591AE499-B23C-42B0-B4D7-6423BF452434}.Debug|Any CPU.ActiveCfg = Debug|Any CPU
		{591AE499-B23C-42B0-B4D7-6423BF452434}.Debug|Any CPU.Build.0 = Debug|Any CPU
		{591AE499-B23C-42B0-B4D7-6423BF452434}.Release|Any CPU.ActiveCfg = Release|Any CPU
		{591AE499-B23C-42B0-B4D7-6423BF452434}.Release|Any CPU.Build.0 = Release|Any CPU
		{E44BB54B-5102-44DA-A9C1-E0DD24CE4264}.Debug|Any CPU.ActiveCfg = Debug|Any CPU
		{E44BB54B-5102-44DA-A9C1-E0DD24CE4264}.Debug|Any CPU.Build.0 = Debug|Any CPU
		{E44BB54B-5102-44DA-A9C1-E0DD24CE4264}.Release|Any CPU.ActiveCfg = Release|Any CPU
		{E44BB54B-5102-44DA-A9C1-E0DD24CE4264}.Release|Any CPU.Build.0 = Release|Any CPU
		{BF954977-9321-4FBA-BC41-98E7C96104E5}.Debug|Any CPU.ActiveCfg = Debug|Any CPU
		{BF954977-9321-4FBA-BC41-98E7C96104E5}.Debug|Any CPU.Build.0 = Debug|Any CPU
		{BF954977-9321-4FBA-BC41-98E7C96104E5}.Release|Any CPU.ActiveCfg = Release|Any CPU
		{BF954977-9321-4FBA-BC41-98E7C96104E5}.Release|Any CPU.Build.0 = Release|Any CPU
		{7DAA8E60-F8B0-46E8-A6A2-51DB8475F6CF}.Debug|Any CPU.ActiveCfg = Debug|Any CPU
		{7DAA8E60-F8B0-46E8-A6A2-51DB8475F6CF}.Debug|Any CPU.Build.0 = Debug|Any CPU
		{7DAA8E60-F8B0-46E8-A6A2-51DB8475F6CF}.Release|Any CPU.ActiveCfg = Release|Any CPU
		{7DAA8E60-F8B0-46E8-A6A2-51DB8475F6CF}.Release|Any CPU.Build.0 = Release|Any CPU
		{27130F2B-A967-40E8-9F1C-21DAAD8EB4ED}.Debug|Any CPU.ActiveCfg = Debug|Any CPU
		{27130F2B-A967-40E8-9F1C-21DAAD8EB4ED}.Debug|Any CPU.Build.0 = Debug|Any CPU
		{27130F2B-A967-40E8-9F1C-21DAAD8EB4ED}.Release|Any CPU.ActiveCfg = Release|Any CPU
		{27130F2B-A967-40E8-9F1C-21DAAD8EB4ED}.Release|Any CPU.Build.0 = Release|Any CPU
	EndGlobalSection
	GlobalSection(SolutionProperties) = preSolution
		HideSolutionNode = FALSE
	EndGlobalSection
	GlobalSection(NestedProjects) = preSolution
		{BE80D6B7-93B6-4048-9D9D-314420595798} = {FA780FE4-7374-4D0B-B5F7-32B828A738C8}
		{6A620A9E-EB21-4F7D-A8E8-DA78EA148D42} = {BE80D6B7-93B6-4048-9D9D-314420595798}
		{36ECB63F-D22C-4B23-AF25-A0F37EF03905} = {BE80D6B7-93B6-4048-9D9D-314420595798}
		{F835EEB9-77B5-4485-8A3D-BA7B2C593BEA} = {BE80D6B7-93B6-4048-9D9D-314420595798}
		{C073B974-B092-4B6F-9ACF-C248AA71C9B5} = {BE80D6B7-93B6-4048-9D9D-314420595798}
		{CA87E900-C658-423A-BAA7-09138947F9EF} = {FA780FE4-7374-4D0B-B5F7-32B828A738C8}
		{8B4A6F2C-889B-41A6-9394-C6F737FB1E0C} = {FA780FE4-7374-4D0B-B5F7-32B828A738C8}
		{2674A19F-1A45-4AA0-8129-CEA7B6E7D701} = {65BB5295-1FC7-43AE-B55A-2423A7B00093}
		{C5E5470B-C258-40C3-9AEB-4DF43915FF28} = {65BB5295-1FC7-43AE-B55A-2423A7B00093}
		{29A2A440-0B62-4C23-9955-FE3F5CF9A6C4} = {FA780FE4-7374-4D0B-B5F7-32B828A738C8}
		{AA3EB55F-FBA2-463A-AFD2-7AA1B93834A1} = {65BB5295-1FC7-43AE-B55A-2423A7B00093}
		{27CAB1BE-7B3E-409A-B427-3D768862CCC7} = {2550EF18-354C-4785-A877-1F7F21D1D52A}
		{730247CF-ACC5-45E2-808B-A5CC7FB1C568} = {65BB5295-1FC7-43AE-B55A-2423A7B00093}
		{E3FF5D4E-0CA2-4FD7-975F-89993EC65A79} = {B40ECF91-5992-4D46-AD0C-1A4CD144725C}
		{F452AC72-2134-475A-8440-92944767922C} = {55D9D0A5-1E4B-4978-B9BD-6481E5C4273E}
		{BD1B267F-BED0-43DF-971F-9A38179CA404} = {FA780FE4-7374-4D0B-B5F7-32B828A738C8}
		{B3F2B9E5-25EA-4CEB-B589-A850FCEF1984} = {0A01AECB-CE0F-4486-93C6-83B1C814FCFB}
		{1DF80E5F-59D4-4083-B020-3F6C072F88DB} = {CDD3E43B-FB71-457B-88A1-CA1B5EFC88E3}
		{EC6A1FE0-BDAF-4C30-8C9D-1B84BA69C4B0} = {CDD3E43B-FB71-457B-88A1-CA1B5EFC88E3}
		{84B22D4D-A409-4F8E-97CE-2A70008B3ED5} = {88D8EDA9-427F-4842-B309-BDA450E0AE65}
		{323B1CDB-8992-4318-86B2-050E36B87980} = {40FF8FED-2694-46F3-82FF-8A35D64A5351}
		{49ECFE52-E345-4435-829B-4DCFBAAECBD1} = {CDD3E43B-FB71-457B-88A1-CA1B5EFC88E3}
		{39449A1B-0E9E-42AA-ABBA-70E00C8BE0A6} = {360E719C-0838-444B-A0FB-FED6A83A16F6}
		{77356BBA-9B24-4CDE-91DA-80A5906B2E4D} = {B40ECF91-5992-4D46-AD0C-1A4CD144725C}
		{43C747A9-3ADC-4151-98AF-21BEE9ABB435} = {88D8EDA9-427F-4842-B309-BDA450E0AE65}
		{654913A5-FDD5-42DA-BF9C-73743821C607} = {88D8EDA9-427F-4842-B309-BDA450E0AE65}
		{D6248EBC-545C-416C-B0FB-BD3C90B4C705} = {88D8EDA9-427F-4842-B309-BDA450E0AE65}
		{7E310BDA-13A2-4E85-9C7A-BFAE87F7347B} = {40FF8FED-2694-46F3-82FF-8A35D64A5351}
		{D4E861B2-0365-4025-B011-0DEACED963BD} = {40FF8FED-2694-46F3-82FF-8A35D64A5351}
		{19FD379B-A518-4E52-BB49-042774CBCB90} = {40FF8FED-2694-46F3-82FF-8A35D64A5351}
		{FBE8D6AE-7143-44C4-AAF1-F90D8CA2BDE4} = {40FF8FED-2694-46F3-82FF-8A35D64A5351}
		{B1C7BA9A-6990-4E7A-953C-FAC50919BE56} = {40FF8FED-2694-46F3-82FF-8A35D64A5351}
		{8B047345-6B75-4129-BEDD-6AA6C34A3173} = {40FF8FED-2694-46F3-82FF-8A35D64A5351}
		{3A72F605-C844-454C-B98D-1D89177348B8} = {40FF8FED-2694-46F3-82FF-8A35D64A5351}
		{074611BF-E7E1-4DB6-A4DE-91F8583ED1DE} = {40FF8FED-2694-46F3-82FF-8A35D64A5351}
		{B3842384-15DA-4881-A759-B6714D1DEC16} = {40FF8FED-2694-46F3-82FF-8A35D64A5351}
		{F3D4FAE0-4BDF-4EB3-A152-853AD7D8BEFE} = {B3842384-15DA-4881-A759-B6714D1DEC16}
		{3C9D424B-275C-42CA-A226-379CA1286815} = {0A01AECB-CE0F-4486-93C6-83B1C814FCFB}
		{B03EB0BC-35EA-43BB-BA6E-2CA130987A54} = {3C9D424B-275C-42CA-A226-379CA1286815}
		{51FD9EE6-B161-48BA-B6B2-AAC8CD28AC8B} = {360E719C-0838-444B-A0FB-FED6A83A16F6}
		{3D9ED808-972F-4401-9F13-A8E0500D7135} = {51FD9EE6-B161-48BA-B6B2-AAC8CD28AC8B}
		{9E7B1AD4-E073-4DB6-96BB-ECAFE5BE26D9} = {B40ECF91-5992-4D46-AD0C-1A4CD144725C}
		{BDE5E315-878C-47AE-A056-183D520F7599} = {9E7B1AD4-E073-4DB6-96BB-ECAFE5BE26D9}
		{CE9FD502-9DD0-430A-B05F-FEBA0FCC365C} = {2550EF18-354C-4785-A877-1F7F21D1D52A}
		{AF21115C-DC60-4A5A-BCAE-E876861C03DF} = {CE9FD502-9DD0-430A-B05F-FEBA0FCC365C}
		{AF8C354A-1D49-4645-8206-CA62814116F8} = {88D8EDA9-427F-4842-B309-BDA450E0AE65}
		{EE796047-B4DF-478A-9CFE-3F78CA00BD4D} = {AF8C354A-1D49-4645-8206-CA62814116F8}
		{9D737936-347F-4482-9E2C-C7DCFD79F27C} = {65BB5295-1FC7-43AE-B55A-2423A7B00093}
		{C82C184B-A779-4739-88AA-7F964344D97F} = {9D737936-347F-4482-9E2C-C7DCFD79F27C}
		{E5153D93-04CF-4146-9283-C8908F6847FA} = {9D737936-347F-4482-9E2C-C7DCFD79F27C}
		{C5A61302-1067-49E2-AFFA-A18E5CA48F93} = {CDD3E43B-FB71-457B-88A1-CA1B5EFC88E3}
		{EEAE6AC1-02ED-429E-8B4F-DC6A562F160D} = {55D9D0A5-1E4B-4978-B9BD-6481E5C4273E}
		{1C4966F9-A7CF-43D1-8F0C-4AE5CD070E72} = {A5795260-F727-4739-A1A8-84DB37CC6656}
		{591AE499-B23C-42B0-B4D7-6423BF452434} = {1C4966F9-A7CF-43D1-8F0C-4AE5CD070E72}
		{E44BB54B-5102-44DA-A9C1-E0DD24CE4264} = {1C4966F9-A7CF-43D1-8F0C-4AE5CD070E72}
		{BF954977-9321-4FBA-BC41-98E7C96104E5} = {1C4966F9-A7CF-43D1-8F0C-4AE5CD070E72}
		{7DAA8E60-F8B0-46E8-A6A2-51DB8475F6CF} = {1C4966F9-A7CF-43D1-8F0C-4AE5CD070E72}
		{27130F2B-A967-40E8-9F1C-21DAAD8EB4ED} = {1C4966F9-A7CF-43D1-8F0C-4AE5CD070E72}
	EndGlobalSection
	GlobalSection(ExtensibilityGlobals) = postSolution
		SolutionGuid = {F8DE026B-F83F-49C3-AAF4-C3924C080D00}
	EndGlobalSection
EndGlobal
