
Microsoft Visual Studio Solution File, Format Version 12.00
# Visual Studio Version 17
VisualStudioVersion = 17.12.35728.132
MinimumVisualStudioVersion = 10.0.40219.1
Project("{2150E333-8FDC-42A3-9474-1A3956D46DE8}") = "Элементы Решения", "Элементы Решения", "{32C8E260-3AF1-402A-913A-AF8F18728409}"
	ProjectSection(SolutionItems) = preProject
		.editorconfig = .editorconfig
		Directory.Build.props = Directory.Build.props
		NuGet.config = NuGet.config
	EndProjectSection
EndProject
Project("{FAE04EC0-301F-11D3-BF4B-00C04F79EFBC}") = "OG.Element", "OG.Element\OG.Element.csproj", "{DF2DD6BE-93CB-421C-A562-96FD3B11AC0F}"
EndProject
Project("{FAE04EC0-301F-11D3-BF4B-00C04F79EFBC}") = "OG.Event.Abstraction", "OG.Event.Abstraction\OG.Event.Abstraction.csproj", "{367F2CBA-5329-4D66-B351-96559790224A}"
EndProject
Project("{FAE04EC0-301F-11D3-BF4B-00C04F79EFBC}") = "OG.Event", "OG.Event\OG.Event.csproj", "{A9040EC6-FFC7-4A94-A6CF-EDAE19B152A1}"
EndProject
Project("{FAE04EC0-301F-11D3-BF4B-00C04F79EFBC}") = "OG.Unity.Event", "OG.Unity.Event\OG.Unity.Event.csproj", "{40FC9BDF-72BB-4C2D-9DBD-12BFC66E2F59}"
EndProject
Project("{2150E333-8FDC-42A3-9474-1A3956D46DE8}") = "Unity", "Unity", "{7011BACB-7E3F-48E0-B6B3-4FA303ED7888}"
EndProject
Project("{FAE04EC0-301F-11D3-BF4B-00C04F79EFBC}") = "OG.Graphics.Abstraction", "OG.Graphics.Abstraction\OG.Graphics.Abstraction.csproj", "{8445EEBA-1157-46E9-B541-E1426B6EFED0}"
EndProject
Project("{FAE04EC0-301F-11D3-BF4B-00C04F79EFBC}") = "OG.Unity.Graphics", "OG.Unity.Graphics\OG.Unity.Graphics.csproj", "{5388FF70-8852-4872-9BF5-7372B75D15DE}"
EndProject
Project("{FAE04EC0-301F-11D3-BF4B-00C04F79EFBC}") = "OG.Element.Abstraction", "OG.Element.Abstraction\OG.Element.Abstraction.csproj", "{DB84101E-75CF-4BF1-AC86-1830535A408F}"
EndProject
Project("{FAE04EC0-301F-11D3-BF4B-00C04F79EFBC}") = "OG.Element.Visual", "OG.Element.Visual\OG.Element.Visual.csproj", "{373E2329-C6F1-4669-8FD3-49577AA1CFC9}"
EndProject
Project("{FAE04EC0-301F-11D3-BF4B-00C04F79EFBC}") = "OG.Element.Visual.Abstraction", "OG.Element.Visual.Abstraction\OG.Element.Visual.Abstraction.csproj", "{2E806F0A-B7B5-4586-B480-76417AD87890}"
EndProject
Project("{FAE04EC0-301F-11D3-BF4B-00C04F79EFBC}") = "OG.Element.Control", "OG.Element.Control\OG.Element.Control.csproj", "{811FD1F7-4541-4440-B807-F2A5F0387109}"
EndProject
Project("{FAE04EC0-301F-11D3-BF4B-00C04F79EFBC}") = "OG.Element.Control.Abstraction", "OG.Element.Control.Abstraction\OG.Element.Control.Abstraction.csproj", "{A29B1C7E-EA64-4F6D-AC30-FB7FE1A36130}"
EndProject
Project("{FAE04EC0-301F-11D3-BF4B-00C04F79EFBC}") = "OG.Element.Container", "OG.Element.Container\OG.Element.Container.csproj", "{5206D3FA-83C8-4AD5-91AC-50A329A4B4C9}"
EndProject
Project("{FAE04EC0-301F-11D3-BF4B-00C04F79EFBC}") = "OG.Element.Container.Abstraction", "OG.Element.Container.Abstraction\OG.Element.Container.Abstraction.csproj", "{AA7EEF31-EB24-462E-BF17-1D3E685C566A}"
EndProject
Project("{2150E333-8FDC-42A3-9474-1A3956D46DE8}") = "Element", "Element", "{06FEC3C6-47F1-49A5-9C88-25479E972AE4}"
EndProject
Project("{2150E333-8FDC-42A3-9474-1A3956D46DE8}") = "DataTypes", "DataTypes", "{B3E75B4B-983F-4589-886D-7868F3D88CE0}"
EndProject
Project("{2150E333-8FDC-42A3-9474-1A3956D46DE8}") = "Event", "Event", "{CD3E43B1-FF82-4EC4-879D-4547B205F4B0}"
EndProject
Project("{2150E333-8FDC-42A3-9474-1A3956D46DE8}") = "Graphics", "Graphics", "{D4EF4F58-3B24-4302-97BA-D319C34EF9DF}"
EndProject
Project("{FAE04EC0-301F-11D3-BF4B-00C04F79EFBC}") = "OG.DataTypes.Vector", "OG.DataTypes.Vectors\OG.DataTypes.Vector.csproj", "{94A4653D-AB20-455B-8012-D6BABC1FC537}"
EndProject
Project("{FAE04EC0-301F-11D3-BF4B-00C04F79EFBC}") = "OG.DataTypes.Rectangle", "OG.DataTypes.Rectangles\OG.DataTypes.Rectangle.csproj", "{7BE7435B-3E8F-45C8-A6E3-CEAE7D5DE545}"
EndProject
Project("{FAE04EC0-301F-11D3-BF4B-00C04F79EFBC}") = "OG.DataTypes.Color", "OG.DataTypes.Colors\OG.DataTypes.Color.csproj", "{7B3BF723-ED69-46EC-A8BE-913AB5793E8C}"
EndProject
Project("{FAE04EC0-301F-11D3-BF4B-00C04F79EFBC}") = "OG.DataTypes.Size", "OG.DataTypes.Size\OG.DataTypes.Size.csproj", "{271C52A1-1F3B-453C-8E1D-DAEABFBDC037}"
EndProject
Project("{2150E333-8FDC-42A3-9474-1A3956D46DE8}") = "Abstraction", "Abstraction", "{22538F66-7F46-4D82-BC30-800D5D9967CB}"
EndProject
Project("{2150E333-8FDC-42A3-9474-1A3956D46DE8}") = "Abstraction", "Abstraction", "{37105DDB-B57D-4BDC-9D64-F163F2EA7281}"
EndProject
Project("{2150E333-8FDC-42A3-9474-1A3956D46DE8}") = "Abstraction", "Abstraction", "{D32B7266-DC11-4909-AC60-6675963D0D7A}"
EndProject
Project("{2150E333-8FDC-42A3-9474-1A3956D46DE8}") = "Event", "Event", "{36D591C7-65C7-A0D1-1CBC-10CDE441BDC8}"
EndProject
Project("{2150E333-8FDC-42A3-9474-1A3956D46DE8}") = "Graphics", "Graphics", "{64558D9C-5FF2-4AEB-9054-60EFB0290425}"
EndProject
Project("{FAE04EC0-301F-11D3-BF4B-00C04F79EFBC}") = "OG.DataTypes.Point", "OG.DataTypes.Point\OG.DataTypes.Point.csproj", "{8D1455EE-FA99-4683-98A7-2C34943CFA6B}"
EndProject
Project("{FAE04EC0-301F-11D3-BF4B-00C04F79EFBC}") = "OG.DataTypes.Scale", "OG.DataTypes.Scale\OG.DataTypes.Scale.csproj", "{79FE568C-FF56-4555-9B95-19626A2228B7}"
EndProject
Project("{FAE04EC0-301F-11D3-BF4B-00C04F79EFBC}") = "OG.DataTypes.Quaternion", "OG.DataTypes.Quaternion\OG.DataTypes.Quaternion.csproj", "{B214E5B7-4ACE-42C3-8675-CCCCB7A2D244}"
EndProject
Project("{FAE04EC0-301F-11D3-BF4B-00C04F79EFBC}") = "OG.Element.Hoverable.Abstraction", "OG.Element.Hoverable.Abstraction\OG.Element.Hoverable.Abstraction.csproj", "{3B321B30-B320-46FC-9C28-2095FAFE6C04}"
EndProject
Project("{FAE04EC0-301F-11D3-BF4B-00C04F79EFBC}") = "OG.Element.View.Abstraction", "OG.Element.View.Abstraction\OG.Element.View.Abstraction.csproj", "{FE804A5C-B97C-473D-89DF-9674BF519B57}"
EndProject
Project("{FAE04EC0-301F-11D3-BF4B-00C04F79EFBC}") = "OG.Element.Control.Focusable.Abstraction", "OG.Element.Control.Focusable.Abstraction\OG.Element.Control.Focusable.Abstraction.csproj", "{C8CED193-84FC-46B7-8724-E6C908B9A712}"
EndProject
Project("{2150E333-8FDC-42A3-9474-1A3956D46DE8}") = "Interactable", "Interactable", "{AEDD6620-9F81-4ADE-9FCC-58730339D21E}"
EndProject
Project("{FAE04EC0-301F-11D3-BF4B-00C04F79EFBC}") = "OG.Element.Draggable.Abstraction", "OG.Element.Draggable.Abstraction\OG.Element.Draggable.Abstraction.csproj", "{85257B1D-B40B-466E-B6D9-5B73BB8BF820}"
EndProject
Project("{2150E333-8FDC-42A3-9474-1A3956D46DE8}") = "Interactable", "Interactable", "{76C604AE-E34C-4C85-9191-2F590B47E7FC}"
EndProject
Project("{FAE04EC0-301F-11D3-BF4B-00C04F79EFBC}") = "OG.Element.Hoverable", "OG.Element.Hoverable\OG.Element.Hoverable.csproj", "{C8A9F31B-851D-4E3E-9726-5722E63F3D86}"
EndProject
Project("{FAE04EC0-301F-11D3-BF4B-00C04F79EFBC}") = "OG.Element.Draggable", "OG.Element.Draggable\OG.Element.Draggable.csproj", "{502C598F-6668-4AC6-BBAF-B4BB6EE08AA8}"
EndProject
Project("{FAE04EC0-301F-11D3-BF4B-00C04F79EFBC}") = "OG.Element.View", "OG.Element.View\OG.Element.View.csproj", "{3CDD6727-CAC8-42D1-A209-F340C27AC65D}"
EndProject
Project("{FAE04EC0-301F-11D3-BF4B-00C04F79EFBC}") = "OG.Element.Control.Focusable", "OG.Element.FocusableControl\OG.Element.Control.Focusable.csproj", "{24D2BBEA-30B6-3BBA-799A-88701D207111}"
EndProject
Project("{2150E333-8FDC-42A3-9474-1A3956D46DE8}") = "Visual", "Visual", "{889856CF-18FF-442C-AF77-A745E5E751C8}"
EndProject
Project("{FAE04EC0-301F-11D3-BF4B-00C04F79EFBC}") = "OG.Element.Interactable", "OG.Element.Interactable\OG.Element.Interactable.csproj", "{53B81BD3-FD54-4662-BF53-6E942CC37CD2}"
EndProject
Project("{FAE04EC0-301F-11D3-BF4B-00C04F79EFBC}") = "OG.TextController", "OG.TextController\OG.TextController.csproj", "{DE9348BF-7E6F-494F-B789-B42E343660EE}"
EndProject
Project("{2150E333-8FDC-42A3-9474-1A3956D46DE8}") = "Controller", "Controller", "{9F264FA0-DE8F-4DF5-8744-EF69567C8A3F}"
EndProject
Project("{FAE04EC0-301F-11D3-BF4B-00C04F79EFBC}") = "OG.TextCursorController", "OG.TextCursorController\OG.TextCursorController.csproj", "{DE21A13B-87A3-4250-913F-E8A00A70DB72}"
EndProject
Project("{FAE04EC0-301F-11D3-BF4B-00C04F79EFBC}") = "OG.TextCursorController.Abstraction", "OG.TextCursorController.Abstraction\OG.TextCursorController.Abstraction.csproj", "{D2C3D23D-3AC3-4D80-97DF-05A104403181}"
EndProject
Project("{FAE04EC0-301F-11D3-BF4B-00C04F79EFBC}") = "OG.TextController.Abstraction", "OG.TextController.Abstraction\OG.TextController.Abstraction.csproj", "{756E9C59-D5C9-446B-80A8-BEDC713CFAC0}"
EndProject
Project("{FAE04EC0-301F-11D3-BF4B-00C04F79EFBC}") = "OG.DataTypes.TextAnchor", "OG.DataTypes.TextAnchor\OG.DataTypes.TextAnchor.csproj", "{330D37FA-5AE1-4989-BE95-514FE773771E}"
EndProject
Project("{FAE04EC0-301F-11D3-BF4B-00C04F79EFBC}") = "OG.DataTypes.KeyCode", "OG.DataTypes.KeyCode\OG.DataTypes.KeyCode.csproj", "{E1F14B8D-A730-4D63-A523-8A15CDCB1CD3}"
EndProject
Project("{FAE04EC0-301F-11D3-BF4B-00C04F79EFBC}") = "OG.DataTypes.FontStyle", "OG.DataTypes.FontStyle\OG.DataTypes.FontStyle.csproj", "{B7E7EE2E-F32E-46C5-80E8-F597319B91BA}"
EndProject
Project("{FAE04EC0-301F-11D3-BF4B-00C04F79EFBC}") = "OG.Element.Interactable.Abstraction", "OG.Element.Interactable.Abstraction\OG.Element.Interactable.Abstraction.csproj", "{C03A18B4-72AA-4F9D-B543-3610883F74A3}"
EndProject
Global
	GlobalSection(SolutionConfigurationPlatforms) = preSolution
		Debug|Any CPU = Debug|Any CPU
		Release|Any CPU = Release|Any CPU
	EndGlobalSection
	GlobalSection(ProjectConfigurationPlatforms) = postSolution
		{DF2DD6BE-93CB-421C-A562-96FD3B11AC0F}.Debug|Any CPU.ActiveCfg = Debug|Any CPU
		{DF2DD6BE-93CB-421C-A562-96FD3B11AC0F}.Debug|Any CPU.Build.0 = Debug|Any CPU
		{DF2DD6BE-93CB-421C-A562-96FD3B11AC0F}.Release|Any CPU.ActiveCfg = Release|Any CPU
		{DF2DD6BE-93CB-421C-A562-96FD3B11AC0F}.Release|Any CPU.Build.0 = Release|Any CPU
		{367F2CBA-5329-4D66-B351-96559790224A}.Debug|Any CPU.ActiveCfg = Debug|Any CPU
		{367F2CBA-5329-4D66-B351-96559790224A}.Debug|Any CPU.Build.0 = Debug|Any CPU
		{367F2CBA-5329-4D66-B351-96559790224A}.Release|Any CPU.ActiveCfg = Release|Any CPU
		{367F2CBA-5329-4D66-B351-96559790224A}.Release|Any CPU.Build.0 = Release|Any CPU
		{A9040EC6-FFC7-4A94-A6CF-EDAE19B152A1}.Debug|Any CPU.ActiveCfg = Debug|Any CPU
		{A9040EC6-FFC7-4A94-A6CF-EDAE19B152A1}.Debug|Any CPU.Build.0 = Debug|Any CPU
		{A9040EC6-FFC7-4A94-A6CF-EDAE19B152A1}.Release|Any CPU.ActiveCfg = Release|Any CPU
		{A9040EC6-FFC7-4A94-A6CF-EDAE19B152A1}.Release|Any CPU.Build.0 = Release|Any CPU
		{40FC9BDF-72BB-4C2D-9DBD-12BFC66E2F59}.Debug|Any CPU.ActiveCfg = Debug|Any CPU
		{40FC9BDF-72BB-4C2D-9DBD-12BFC66E2F59}.Debug|Any CPU.Build.0 = Debug|Any CPU
		{40FC9BDF-72BB-4C2D-9DBD-12BFC66E2F59}.Release|Any CPU.ActiveCfg = Release|Any CPU
		{40FC9BDF-72BB-4C2D-9DBD-12BFC66E2F59}.Release|Any CPU.Build.0 = Release|Any CPU
		{8445EEBA-1157-46E9-B541-E1426B6EFED0}.Debug|Any CPU.ActiveCfg = Debug|Any CPU
		{8445EEBA-1157-46E9-B541-E1426B6EFED0}.Debug|Any CPU.Build.0 = Debug|Any CPU
		{8445EEBA-1157-46E9-B541-E1426B6EFED0}.Release|Any CPU.ActiveCfg = Release|Any CPU
		{8445EEBA-1157-46E9-B541-E1426B6EFED0}.Release|Any CPU.Build.0 = Release|Any CPU
		{5388FF70-8852-4872-9BF5-7372B75D15DE}.Debug|Any CPU.ActiveCfg = Debug|Any CPU
		{5388FF70-8852-4872-9BF5-7372B75D15DE}.Debug|Any CPU.Build.0 = Debug|Any CPU
		{5388FF70-8852-4872-9BF5-7372B75D15DE}.Release|Any CPU.ActiveCfg = Release|Any CPU
		{5388FF70-8852-4872-9BF5-7372B75D15DE}.Release|Any CPU.Build.0 = Release|Any CPU
		{DB84101E-75CF-4BF1-AC86-1830535A408F}.Debug|Any CPU.ActiveCfg = Debug|Any CPU
		{DB84101E-75CF-4BF1-AC86-1830535A408F}.Debug|Any CPU.Build.0 = Debug|Any CPU
		{DB84101E-75CF-4BF1-AC86-1830535A408F}.Release|Any CPU.ActiveCfg = Release|Any CPU
		{DB84101E-75CF-4BF1-AC86-1830535A408F}.Release|Any CPU.Build.0 = Release|Any CPU
		{373E2329-C6F1-4669-8FD3-49577AA1CFC9}.Debug|Any CPU.ActiveCfg = Debug|Any CPU
		{373E2329-C6F1-4669-8FD3-49577AA1CFC9}.Debug|Any CPU.Build.0 = Debug|Any CPU
		{373E2329-C6F1-4669-8FD3-49577AA1CFC9}.Release|Any CPU.ActiveCfg = Release|Any CPU
		{373E2329-C6F1-4669-8FD3-49577AA1CFC9}.Release|Any CPU.Build.0 = Release|Any CPU
		{2E806F0A-B7B5-4586-B480-76417AD87890}.Debug|Any CPU.ActiveCfg = Debug|Any CPU
		{2E806F0A-B7B5-4586-B480-76417AD87890}.Debug|Any CPU.Build.0 = Debug|Any CPU
		{2E806F0A-B7B5-4586-B480-76417AD87890}.Release|Any CPU.ActiveCfg = Release|Any CPU
		{2E806F0A-B7B5-4586-B480-76417AD87890}.Release|Any CPU.Build.0 = Release|Any CPU
		{811FD1F7-4541-4440-B807-F2A5F0387109}.Debug|Any CPU.ActiveCfg = Debug|Any CPU
		{811FD1F7-4541-4440-B807-F2A5F0387109}.Debug|Any CPU.Build.0 = Debug|Any CPU
		{811FD1F7-4541-4440-B807-F2A5F0387109}.Release|Any CPU.ActiveCfg = Release|Any CPU
		{811FD1F7-4541-4440-B807-F2A5F0387109}.Release|Any CPU.Build.0 = Release|Any CPU
		{A29B1C7E-EA64-4F6D-AC30-FB7FE1A36130}.Debug|Any CPU.ActiveCfg = Debug|Any CPU
		{A29B1C7E-EA64-4F6D-AC30-FB7FE1A36130}.Debug|Any CPU.Build.0 = Debug|Any CPU
		{A29B1C7E-EA64-4F6D-AC30-FB7FE1A36130}.Release|Any CPU.ActiveCfg = Release|Any CPU
		{A29B1C7E-EA64-4F6D-AC30-FB7FE1A36130}.Release|Any CPU.Build.0 = Release|Any CPU
		{5206D3FA-83C8-4AD5-91AC-50A329A4B4C9}.Debug|Any CPU.ActiveCfg = Debug|Any CPU
		{5206D3FA-83C8-4AD5-91AC-50A329A4B4C9}.Debug|Any CPU.Build.0 = Debug|Any CPU
		{5206D3FA-83C8-4AD5-91AC-50A329A4B4C9}.Release|Any CPU.ActiveCfg = Release|Any CPU
		{5206D3FA-83C8-4AD5-91AC-50A329A4B4C9}.Release|Any CPU.Build.0 = Release|Any CPU
		{AA7EEF31-EB24-462E-BF17-1D3E685C566A}.Debug|Any CPU.ActiveCfg = Debug|Any CPU
		{AA7EEF31-EB24-462E-BF17-1D3E685C566A}.Debug|Any CPU.Build.0 = Debug|Any CPU
		{AA7EEF31-EB24-462E-BF17-1D3E685C566A}.Release|Any CPU.ActiveCfg = Release|Any CPU
		{AA7EEF31-EB24-462E-BF17-1D3E685C566A}.Release|Any CPU.Build.0 = Release|Any CPU
		{94A4653D-AB20-455B-8012-D6BABC1FC537}.Debug|Any CPU.ActiveCfg = Debug|Any CPU
		{94A4653D-AB20-455B-8012-D6BABC1FC537}.Debug|Any CPU.Build.0 = Debug|Any CPU
		{94A4653D-AB20-455B-8012-D6BABC1FC537}.Release|Any CPU.ActiveCfg = Release|Any CPU
		{94A4653D-AB20-455B-8012-D6BABC1FC537}.Release|Any CPU.Build.0 = Release|Any CPU
		{7BE7435B-3E8F-45C8-A6E3-CEAE7D5DE545}.Debug|Any CPU.ActiveCfg = Debug|Any CPU
		{7BE7435B-3E8F-45C8-A6E3-CEAE7D5DE545}.Debug|Any CPU.Build.0 = Debug|Any CPU
		{7BE7435B-3E8F-45C8-A6E3-CEAE7D5DE545}.Release|Any CPU.ActiveCfg = Release|Any CPU
		{7BE7435B-3E8F-45C8-A6E3-CEAE7D5DE545}.Release|Any CPU.Build.0 = Release|Any CPU
		{7B3BF723-ED69-46EC-A8BE-913AB5793E8C}.Debug|Any CPU.ActiveCfg = Debug|Any CPU
		{7B3BF723-ED69-46EC-A8BE-913AB5793E8C}.Debug|Any CPU.Build.0 = Debug|Any CPU
		{7B3BF723-ED69-46EC-A8BE-913AB5793E8C}.Release|Any CPU.ActiveCfg = Release|Any CPU
		{7B3BF723-ED69-46EC-A8BE-913AB5793E8C}.Release|Any CPU.Build.0 = Release|Any CPU
		{271C52A1-1F3B-453C-8E1D-DAEABFBDC037}.Debug|Any CPU.ActiveCfg = Debug|Any CPU
		{271C52A1-1F3B-453C-8E1D-DAEABFBDC037}.Debug|Any CPU.Build.0 = Debug|Any CPU
		{271C52A1-1F3B-453C-8E1D-DAEABFBDC037}.Release|Any CPU.ActiveCfg = Release|Any CPU
		{271C52A1-1F3B-453C-8E1D-DAEABFBDC037}.Release|Any CPU.Build.0 = Release|Any CPU
		{8D1455EE-FA99-4683-98A7-2C34943CFA6B}.Debug|Any CPU.ActiveCfg = Debug|Any CPU
		{8D1455EE-FA99-4683-98A7-2C34943CFA6B}.Debug|Any CPU.Build.0 = Debug|Any CPU
		{8D1455EE-FA99-4683-98A7-2C34943CFA6B}.Release|Any CPU.ActiveCfg = Release|Any CPU
		{8D1455EE-FA99-4683-98A7-2C34943CFA6B}.Release|Any CPU.Build.0 = Release|Any CPU
		{79FE568C-FF56-4555-9B95-19626A2228B7}.Debug|Any CPU.ActiveCfg = Debug|Any CPU
		{79FE568C-FF56-4555-9B95-19626A2228B7}.Debug|Any CPU.Build.0 = Debug|Any CPU
		{79FE568C-FF56-4555-9B95-19626A2228B7}.Release|Any CPU.ActiveCfg = Release|Any CPU
		{79FE568C-FF56-4555-9B95-19626A2228B7}.Release|Any CPU.Build.0 = Release|Any CPU
		{B214E5B7-4ACE-42C3-8675-CCCCB7A2D244}.Debug|Any CPU.ActiveCfg = Debug|Any CPU
		{B214E5B7-4ACE-42C3-8675-CCCCB7A2D244}.Debug|Any CPU.Build.0 = Debug|Any CPU
		{B214E5B7-4ACE-42C3-8675-CCCCB7A2D244}.Release|Any CPU.ActiveCfg = Release|Any CPU
		{B214E5B7-4ACE-42C3-8675-CCCCB7A2D244}.Release|Any CPU.Build.0 = Release|Any CPU
		{3B321B30-B320-46FC-9C28-2095FAFE6C04}.Debug|Any CPU.ActiveCfg = Debug|Any CPU
		{3B321B30-B320-46FC-9C28-2095FAFE6C04}.Debug|Any CPU.Build.0 = Debug|Any CPU
		{3B321B30-B320-46FC-9C28-2095FAFE6C04}.Release|Any CPU.ActiveCfg = Release|Any CPU
		{3B321B30-B320-46FC-9C28-2095FAFE6C04}.Release|Any CPU.Build.0 = Release|Any CPU
		{FE804A5C-B97C-473D-89DF-9674BF519B57}.Debug|Any CPU.ActiveCfg = Debug|Any CPU
		{FE804A5C-B97C-473D-89DF-9674BF519B57}.Debug|Any CPU.Build.0 = Debug|Any CPU
		{FE804A5C-B97C-473D-89DF-9674BF519B57}.Release|Any CPU.ActiveCfg = Release|Any CPU
		{FE804A5C-B97C-473D-89DF-9674BF519B57}.Release|Any CPU.Build.0 = Release|Any CPU
		{C8CED193-84FC-46B7-8724-E6C908B9A712}.Debug|Any CPU.ActiveCfg = Debug|Any CPU
		{C8CED193-84FC-46B7-8724-E6C908B9A712}.Debug|Any CPU.Build.0 = Debug|Any CPU
		{C8CED193-84FC-46B7-8724-E6C908B9A712}.Release|Any CPU.ActiveCfg = Release|Any CPU
		{C8CED193-84FC-46B7-8724-E6C908B9A712}.Release|Any CPU.Build.0 = Release|Any CPU
		{85257B1D-B40B-466E-B6D9-5B73BB8BF820}.Debug|Any CPU.ActiveCfg = Debug|Any CPU
		{85257B1D-B40B-466E-B6D9-5B73BB8BF820}.Debug|Any CPU.Build.0 = Debug|Any CPU
		{85257B1D-B40B-466E-B6D9-5B73BB8BF820}.Release|Any CPU.ActiveCfg = Release|Any CPU
		{85257B1D-B40B-466E-B6D9-5B73BB8BF820}.Release|Any CPU.Build.0 = Release|Any CPU
		{C8A9F31B-851D-4E3E-9726-5722E63F3D86}.Debug|Any CPU.ActiveCfg = Debug|Any CPU
		{C8A9F31B-851D-4E3E-9726-5722E63F3D86}.Debug|Any CPU.Build.0 = Debug|Any CPU
		{C8A9F31B-851D-4E3E-9726-5722E63F3D86}.Release|Any CPU.ActiveCfg = Release|Any CPU
		{C8A9F31B-851D-4E3E-9726-5722E63F3D86}.Release|Any CPU.Build.0 = Release|Any CPU
		{502C598F-6668-4AC6-BBAF-B4BB6EE08AA8}.Debug|Any CPU.ActiveCfg = Debug|Any CPU
		{502C598F-6668-4AC6-BBAF-B4BB6EE08AA8}.Debug|Any CPU.Build.0 = Debug|Any CPU
		{502C598F-6668-4AC6-BBAF-B4BB6EE08AA8}.Release|Any CPU.ActiveCfg = Release|Any CPU
		{502C598F-6668-4AC6-BBAF-B4BB6EE08AA8}.Release|Any CPU.Build.0 = Release|Any CPU
		{3CDD6727-CAC8-42D1-A209-F340C27AC65D}.Debug|Any CPU.ActiveCfg = Debug|Any CPU
		{3CDD6727-CAC8-42D1-A209-F340C27AC65D}.Debug|Any CPU.Build.0 = Debug|Any CPU
		{3CDD6727-CAC8-42D1-A209-F340C27AC65D}.Release|Any CPU.ActiveCfg = Release|Any CPU
		{3CDD6727-CAC8-42D1-A209-F340C27AC65D}.Release|Any CPU.Build.0 = Release|Any CPU
		{53B81BD3-FD54-4662-BF53-6E942CC37CD2}.Debug|Any CPU.ActiveCfg = Debug|Any CPU
		{53B81BD3-FD54-4662-BF53-6E942CC37CD2}.Debug|Any CPU.Build.0 = Debug|Any CPU
		{53B81BD3-FD54-4662-BF53-6E942CC37CD2}.Release|Any CPU.ActiveCfg = Release|Any CPU
		{53B81BD3-FD54-4662-BF53-6E942CC37CD2}.Release|Any CPU.Build.0 = Release|Any CPU
		{DE9348BF-7E6F-494F-B789-B42E343660EE}.Debug|Any CPU.ActiveCfg = Debug|Any CPU
		{DE9348BF-7E6F-494F-B789-B42E343660EE}.Debug|Any CPU.Build.0 = Debug|Any CPU
		{DE9348BF-7E6F-494F-B789-B42E343660EE}.Release|Any CPU.ActiveCfg = Release|Any CPU
		{DE9348BF-7E6F-494F-B789-B42E343660EE}.Release|Any CPU.Build.0 = Release|Any CPU
		{DE21A13B-87A3-4250-913F-E8A00A70DB72}.Debug|Any CPU.ActiveCfg = Debug|Any CPU
		{DE21A13B-87A3-4250-913F-E8A00A70DB72}.Debug|Any CPU.Build.0 = Debug|Any CPU
		{DE21A13B-87A3-4250-913F-E8A00A70DB72}.Release|Any CPU.ActiveCfg = Release|Any CPU
		{DE21A13B-87A3-4250-913F-E8A00A70DB72}.Release|Any CPU.Build.0 = Release|Any CPU
		{D2C3D23D-3AC3-4D80-97DF-05A104403181}.Debug|Any CPU.ActiveCfg = Debug|Any CPU
		{D2C3D23D-3AC3-4D80-97DF-05A104403181}.Debug|Any CPU.Build.0 = Debug|Any CPU
		{D2C3D23D-3AC3-4D80-97DF-05A104403181}.Release|Any CPU.ActiveCfg = Release|Any CPU
		{D2C3D23D-3AC3-4D80-97DF-05A104403181}.Release|Any CPU.Build.0 = Release|Any CPU
		{756E9C59-D5C9-446B-80A8-BEDC713CFAC0}.Debug|Any CPU.ActiveCfg = Debug|Any CPU
		{756E9C59-D5C9-446B-80A8-BEDC713CFAC0}.Debug|Any CPU.Build.0 = Debug|Any CPU
		{756E9C59-D5C9-446B-80A8-BEDC713CFAC0}.Release|Any CPU.ActiveCfg = Release|Any CPU
		{756E9C59-D5C9-446B-80A8-BEDC713CFAC0}.Release|Any CPU.Build.0 = Release|Any CPU
		{330D37FA-5AE1-4989-BE95-514FE773771E}.Debug|Any CPU.ActiveCfg = Debug|Any CPU
		{330D37FA-5AE1-4989-BE95-514FE773771E}.Debug|Any CPU.Build.0 = Debug|Any CPU
		{330D37FA-5AE1-4989-BE95-514FE773771E}.Release|Any CPU.ActiveCfg = Release|Any CPU
		{330D37FA-5AE1-4989-BE95-514FE773771E}.Release|Any CPU.Build.0 = Release|Any CPU
		{E1F14B8D-A730-4D63-A523-8A15CDCB1CD3}.Debug|Any CPU.ActiveCfg = Debug|Any CPU
		{E1F14B8D-A730-4D63-A523-8A15CDCB1CD3}.Debug|Any CPU.Build.0 = Debug|Any CPU
		{E1F14B8D-A730-4D63-A523-8A15CDCB1CD3}.Release|Any CPU.ActiveCfg = Release|Any CPU
		{E1F14B8D-A730-4D63-A523-8A15CDCB1CD3}.Release|Any CPU.Build.0 = Release|Any CPU
		{B7E7EE2E-F32E-46C5-80E8-F597319B91BA}.Debug|Any CPU.ActiveCfg = Debug|Any CPU
		{B7E7EE2E-F32E-46C5-80E8-F597319B91BA}.Debug|Any CPU.Build.0 = Debug|Any CPU
		{B7E7EE2E-F32E-46C5-80E8-F597319B91BA}.Release|Any CPU.ActiveCfg = Release|Any CPU
		{B7E7EE2E-F32E-46C5-80E8-F597319B91BA}.Release|Any CPU.Build.0 = Release|Any CPU
		{24D2BBEA-30B6-3BBA-799A-88701D207111}.Debug|Any CPU.ActiveCfg = Debug|Any CPU
		{24D2BBEA-30B6-3BBA-799A-88701D207111}.Debug|Any CPU.Build.0 = Debug|Any CPU
		{24D2BBEA-30B6-3BBA-799A-88701D207111}.Release|Any CPU.ActiveCfg = Release|Any CPU
		{24D2BBEA-30B6-3BBA-799A-88701D207111}.Release|Any CPU.Build.0 = Release|Any CPU
		{C03A18B4-72AA-4F9D-B543-3610883F74A3}.Debug|Any CPU.ActiveCfg = Debug|Any CPU
		{C03A18B4-72AA-4F9D-B543-3610883F74A3}.Debug|Any CPU.Build.0 = Debug|Any CPU
		{C03A18B4-72AA-4F9D-B543-3610883F74A3}.Release|Any CPU.ActiveCfg = Release|Any CPU
		{C03A18B4-72AA-4F9D-B543-3610883F74A3}.Release|Any CPU.Build.0 = Release|Any CPU
	EndGlobalSection
	GlobalSection(SolutionProperties) = preSolution
		HideSolutionNode = FALSE
	EndGlobalSection
	GlobalSection(NestedProjects) = preSolution
		{DF2DD6BE-93CB-421C-A562-96FD3B11AC0F} = {06FEC3C6-47F1-49A5-9C88-25479E972AE4}
		{367F2CBA-5329-4D66-B351-96559790224A} = {37105DDB-B57D-4BDC-9D64-F163F2EA7281}
		{A9040EC6-FFC7-4A94-A6CF-EDAE19B152A1} = {CD3E43B1-FF82-4EC4-879D-4547B205F4B0}
		{40FC9BDF-72BB-4C2D-9DBD-12BFC66E2F59} = {36D591C7-65C7-A0D1-1CBC-10CDE441BDC8}
		{8445EEBA-1157-46E9-B541-E1426B6EFED0} = {D32B7266-DC11-4909-AC60-6675963D0D7A}
		{5388FF70-8852-4872-9BF5-7372B75D15DE} = {64558D9C-5FF2-4AEB-9054-60EFB0290425}
		{DB84101E-75CF-4BF1-AC86-1830535A408F} = {22538F66-7F46-4D82-BC30-800D5D9967CB}
		{2E806F0A-B7B5-4586-B480-76417AD87890} = {22538F66-7F46-4D82-BC30-800D5D9967CB}
		{811FD1F7-4541-4440-B807-F2A5F0387109} = {76C604AE-E34C-4C85-9191-2F590B47E7FC}
		{A29B1C7E-EA64-4F6D-AC30-FB7FE1A36130} = {AEDD6620-9F81-4ADE-9FCC-58730339D21E}
		{5206D3FA-83C8-4AD5-91AC-50A329A4B4C9} = {06FEC3C6-47F1-49A5-9C88-25479E972AE4}
		{AA7EEF31-EB24-462E-BF17-1D3E685C566A} = {22538F66-7F46-4D82-BC30-800D5D9967CB}
		{94A4653D-AB20-455B-8012-D6BABC1FC537} = {B3E75B4B-983F-4589-886D-7868F3D88CE0}
		{7BE7435B-3E8F-45C8-A6E3-CEAE7D5DE545} = {B3E75B4B-983F-4589-886D-7868F3D88CE0}
		{7B3BF723-ED69-46EC-A8BE-913AB5793E8C} = {B3E75B4B-983F-4589-886D-7868F3D88CE0}
		{271C52A1-1F3B-453C-8E1D-DAEABFBDC037} = {B3E75B4B-983F-4589-886D-7868F3D88CE0}
		{22538F66-7F46-4D82-BC30-800D5D9967CB} = {06FEC3C6-47F1-49A5-9C88-25479E972AE4}
		{37105DDB-B57D-4BDC-9D64-F163F2EA7281} = {CD3E43B1-FF82-4EC4-879D-4547B205F4B0}
		{D32B7266-DC11-4909-AC60-6675963D0D7A} = {D4EF4F58-3B24-4302-97BA-D319C34EF9DF}
		{36D591C7-65C7-A0D1-1CBC-10CDE441BDC8} = {7011BACB-7E3F-48E0-B6B3-4FA303ED7888}
		{64558D9C-5FF2-4AEB-9054-60EFB0290425} = {7011BACB-7E3F-48E0-B6B3-4FA303ED7888}
		{8D1455EE-FA99-4683-98A7-2C34943CFA6B} = {B3E75B4B-983F-4589-886D-7868F3D88CE0}
		{79FE568C-FF56-4555-9B95-19626A2228B7} = {B3E75B4B-983F-4589-886D-7868F3D88CE0}
		{B214E5B7-4ACE-42C3-8675-CCCCB7A2D244} = {B3E75B4B-983F-4589-886D-7868F3D88CE0}
		{3B321B30-B320-46FC-9C28-2095FAFE6C04} = {AEDD6620-9F81-4ADE-9FCC-58730339D21E}
		{FE804A5C-B97C-473D-89DF-9674BF519B57} = {AEDD6620-9F81-4ADE-9FCC-58730339D21E}
		{C8CED193-84FC-46B7-8724-E6C908B9A712} = {AEDD6620-9F81-4ADE-9FCC-58730339D21E}
		{AEDD6620-9F81-4ADE-9FCC-58730339D21E} = {22538F66-7F46-4D82-BC30-800D5D9967CB}
		{85257B1D-B40B-466E-B6D9-5B73BB8BF820} = {AEDD6620-9F81-4ADE-9FCC-58730339D21E}
		{76C604AE-E34C-4C85-9191-2F590B47E7FC} = {06FEC3C6-47F1-49A5-9C88-25479E972AE4}
		{C8A9F31B-851D-4E3E-9726-5722E63F3D86} = {76C604AE-E34C-4C85-9191-2F590B47E7FC}
		{502C598F-6668-4AC6-BBAF-B4BB6EE08AA8} = {76C604AE-E34C-4C85-9191-2F590B47E7FC}
		{3CDD6727-CAC8-42D1-A209-F340C27AC65D} = {76C604AE-E34C-4C85-9191-2F590B47E7FC}
		{889856CF-18FF-442C-AF77-A745E5E751C8} = {06FEC3C6-47F1-49A5-9C88-25479E972AE4}
		{373E2329-C6F1-4669-8FD3-49577AA1CFC9} = {889856CF-18FF-442C-AF77-A745E5E751C8}
		{53B81BD3-FD54-4662-BF53-6E942CC37CD2} = {76C604AE-E34C-4C85-9191-2F590B47E7FC}
		{DE9348BF-7E6F-494F-B789-B42E343660EE} = {9F264FA0-DE8F-4DF5-8744-EF69567C8A3F}
		{DE21A13B-87A3-4250-913F-E8A00A70DB72} = {9F264FA0-DE8F-4DF5-8744-EF69567C8A3F}
		{D2C3D23D-3AC3-4D80-97DF-05A104403181} = {9F264FA0-DE8F-4DF5-8744-EF69567C8A3F}
		{756E9C59-D5C9-446B-80A8-BEDC713CFAC0} = {9F264FA0-DE8F-4DF5-8744-EF69567C8A3F}
		{330D37FA-5AE1-4989-BE95-514FE773771E} = {B3E75B4B-983F-4589-886D-7868F3D88CE0}
		{E1F14B8D-A730-4D63-A523-8A15CDCB1CD3} = {B3E75B4B-983F-4589-886D-7868F3D88CE0}
		{24D2BBEA-30B6-3BBA-799A-88701D207111} = {76C604AE-E34C-4C85-9191-2F590B47E7FC}
		{B7E7EE2E-F32E-46C5-80E8-F597319B91BA} = {B3E75B4B-983F-4589-886D-7868F3D88CE0}
		{C03A18B4-72AA-4F9D-B543-3610883F74A3} = {AEDD6620-9F81-4ADE-9FCC-58730339D21E}
	EndGlobalSection
	GlobalSection(ExtensibilityGlobals) = postSolution
		SolutionGuid = {F8DE026B-F83F-49C3-AAF4-C3924C080D00}
	EndGlobalSection
EndGlobal
